
Microsoft Visual Studio Solution File, Format Version 12.00
# Visual Studio Version 17
VisualStudioVersion = 17.0.31903.59
MinimumVisualStudioVersion = 10.0.40219.1
Project("{2150E333-8FDC-42A3-9474-1A3956D46DE8}") = "Shared", "Shared", "{4F52FD11-658E-A102-6CD3-7D7C16FFA15B}"
EndProject
Project("{FAE04EC0-301F-11D3-BF4B-00C04F79EFBC}") = "DeliveryDispatch.Shared", "Shared\DeliveryDispatch.Shared.csproj", "{4137E6CA-4B15-4BD1-BA5E-8CE6B0B79839}"
EndProject
Project("{2150E333-8FDC-42A3-9474-1A3956D46DE8}") = "Client", "Client", "{2CB42F12-E813-91B3-7D11-3220E40BEF4A}"
EndProject
Project("{FAE04EC0-301F-11D3-BF4B-00C04F79EFBC}") = "DeliveryDispatch.Client", "Client\DeliveryDispatch.Client.csproj", "{46573CD7-CCFD-41D8-AAAF-A3737ABC4572}"
EndProject
Project("{2150E333-8FDC-42A3-9474-1A3956D46DE8}") = "Server", "Server", "{DAD03CFC-D5FA-AC94-41C7-9ABAB326F09E}"
EndProject
Project("{FAE04EC0-301F-11D3-BF4B-00C04F79EFBC}") = "DeliveryDispatch.Server.Configuration", "Server\Configuration\DeliveryDispatch.Server.Configuration.csproj", "{FDE4BF09-72F0-4595-BEE6-05C4E2DF4097}"
EndProject
Project("{FAE04EC0-301F-11D3-BF4B-00C04F79EFBC}") = "DeliveryDispatch.Server.Dispatch", "Server\Dispatch\DeliveryDispatch.Server.Dispatch.csproj", "{29FCAF7B-4177-40B4-A1BC-25028ED08D95}"
EndProject
Project("{FAE04EC0-301F-11D3-BF4B-00C04F79EFBC}") = "DeliveryDispatch.Server.CourierSession", "Server\CourierSession\DeliveryDispatch.Server.CourierSession.csproj", "{73F5C4EE-09D2-4A24-99B2-E742B389360A}"
EndProject
Project("{FAE04EC0-301F-11D3-BF4B-00C04F79EFBC}") = "DeliveryDispatch.Server.CourierActorNode", "Server\CourierActorNode\DeliveryDispatch.Server.CourierActorNode.csproj", "{111C582D-9F72-4B95-9C68-BED6F8E3915E}"
EndProject
Project("{FAE04EC0-301F-11D3-BF4B-00C04F79EFBC}") = "DeliveryDispatch.Server.CustomerGateway", "Server\CustomerGateway\DeliveryDispatch.Server.CustomerGateway.csproj", "{E005B507-4393-4AD5-AA75-4D916E27A5DE}"
EndProject
Project("{FAE04EC0-301F-11D3-BF4B-00C04F79EFBC}") = "DeliveryDispatch.Server.Tracking", "Server\Tracking\DeliveryDispatch.Server.Tracking.csproj", "{BEF8B3AD-C658-4443-83D1-28C5501D0F28}"
EndProject
Global
	GlobalSection(SolutionConfigurationPlatforms) = preSolution
		Debug|Any CPU = Debug|Any CPU
		Debug|x64 = Debug|x64
		Debug|x86 = Debug|x86
		Release|Any CPU = Release|Any CPU
		Release|x64 = Release|x64
		Release|x86 = Release|x86
	EndGlobalSection
	GlobalSection(ProjectConfigurationPlatforms) = postSolution
		{4137E6CA-4B15-4BD1-BA5E-8CE6B0B79839}.Debug|Any CPU.ActiveCfg = Debug|Any CPU
		{4137E6CA-4B15-4BD1-BA5E-8CE6B0B79839}.Debug|Any CPU.Build.0 = Debug|Any CPU
		{4137E6CA-4B15-4BD1-BA5E-8CE6B0B79839}.Debug|x64.ActiveCfg = Debug|Any CPU
		{4137E6CA-4B15-4BD1-BA5E-8CE6B0B79839}.Debug|x64.Build.0 = Debug|Any CPU
		{4137E6CA-4B15-4BD1-BA5E-8CE6B0B79839}.Debug|x86.ActiveCfg = Debug|Any CPU
		{4137E6CA-4B15-4BD1-BA5E-8CE6B0B79839}.Debug|x86.Build.0 = Debug|Any CPU
		{4137E6CA-4B15-4BD1-BA5E-8CE6B0B79839}.Release|Any CPU.ActiveCfg = Release|Any CPU
		{4137E6CA-4B15-4BD1-BA5E-8CE6B0B79839}.Release|Any CPU.Build.0 = Release|Any CPU
		{4137E6CA-4B15-4BD1-BA5E-8CE6B0B79839}.Release|x64.ActiveCfg = Release|Any CPU
		{4137E6CA-4B15-4BD1-BA5E-8CE6B0B79839}.Release|x64.Build.0 = Release|Any CPU
		{4137E6CA-4B15-4BD1-BA5E-8CE6B0B79839}.Release|x86.ActiveCfg = Release|Any CPU
		{4137E6CA-4B15-4BD1-BA5E-8CE6B0B79839}.Release|x86.Build.0 = Release|Any CPU
		{46573CD7-CCFD-41D8-AAAF-A3737ABC4572}.Debug|Any CPU.ActiveCfg = Debug|Any CPU
		{46573CD7-CCFD-41D8-AAAF-A3737ABC4572}.Debug|Any CPU.Build.0 = Debug|Any CPU
		{46573CD7-CCFD-41D8-AAAF-A3737ABC4572}.Debug|x64.ActiveCfg = Debug|Any CPU
		{46573CD7-CCFD-41D8-AAAF-A3737ABC4572}.Debug|x64.Build.0 = Debug|Any CPU
		{46573CD7-CCFD-41D8-AAAF-A3737ABC4572}.Debug|x86.ActiveCfg = Debug|Any CPU
		{46573CD7-CCFD-41D8-AAAF-A3737ABC4572}.Debug|x86.Build.0 = Debug|Any CPU
		{46573CD7-CCFD-41D8-AAAF-A3737ABC4572}.Release|Any CPU.ActiveCfg = Release|Any CPU
		{46573CD7-CCFD-41D8-AAAF-A3737ABC4572}.Release|Any CPU.Build.0 = Release|Any CPU
		{46573CD7-CCFD-41D8-AAAF-A3737ABC4572}.Release|x64.ActiveCfg = Release|Any CPU
		{46573CD7-CCFD-41D8-AAAF-A3737ABC4572}.Release|x64.Build.0 = Release|Any CPU
		{46573CD7-CCFD-41D8-AAAF-A3737ABC4572}.Release|x86.ActiveCfg = Release|Any CPU
		{46573CD7-CCFD-41D8-AAAF-A3737ABC4572}.Release|x86.Build.0 = Release|Any CPU
		{FDE4BF09-72F0-4595-BEE6-05C4E2DF4097}.Debug|Any CPU.ActiveCfg = Debug|Any CPU
		{FDE4BF09-72F0-4595-BEE6-05C4E2DF4097}.Debug|Any CPU.Build.0 = Debug|Any CPU
		{FDE4BF09-72F0-4595-BEE6-05C4E2DF4097}.Debug|x64.ActiveCfg = Debug|Any CPU
		{FDE4BF09-72F0-4595-BEE6-05C4E2DF4097}.Debug|x64.Build.0 = Debug|Any CPU
		{FDE4BF09-72F0-4595-BEE6-05C4E2DF4097}.Debug|x86.ActiveCfg = Debug|Any CPU
		{FDE4BF09-72F0-4595-BEE6-05C4E2DF4097}.Debug|x86.Build.0 = Debug|Any CPU
		{FDE4BF09-72F0-4595-BEE6-05C4E2DF4097}.Release|Any CPU.ActiveCfg = Release|Any CPU
		{FDE4BF09-72F0-4595-BEE6-05C4E2DF4097}.Release|Any CPU.Build.0 = Release|Any CPU
		{FDE4BF09-72F0-4595-BEE6-05C4E2DF4097}.Release|x64.ActiveCfg = Release|Any CPU
		{FDE4BF09-72F0-4595-BEE6-05C4E2DF4097}.Release|x64.Build.0 = Release|Any CPU
		{FDE4BF09-72F0-4595-BEE6-05C4E2DF4097}.Release|x86.ActiveCfg = Release|Any CPU
		{FDE4BF09-72F0-4595-BEE6-05C4E2DF4097}.Release|x86.Build.0 = Release|Any CPU
		{29FCAF7B-4177-40B4-A1BC-25028ED08D95}.Debug|Any CPU.ActiveCfg = Debug|Any CPU
		{29FCAF7B-4177-40B4-A1BC-25028ED08D95}.Debug|Any CPU.Build.0 = Debug|Any CPU
		{29FCAF7B-4177-40B4-A1BC-25028ED08D95}.Debug|x64.ActiveCfg = Debug|Any CPU
		{29FCAF7B-4177-40B4-A1BC-25028ED08D95}.Debug|x64.Build.0 = Debug|Any CPU
		{29FCAF7B-4177-40B4-A1BC-25028ED08D95}.Debug|x86.ActiveCfg = Debug|Any CPU
		{29FCAF7B-4177-40B4-A1BC-25028ED08D95}.Debug|x86.Build.0 = Debug|Any CPU
		{29FCAF7B-4177-40B4-A1BC-25028ED08D95}.Release|Any CPU.ActiveCfg = Release|Any CPU
		{29FCAF7B-4177-40B4-A1BC-25028ED08D95}.Release|Any CPU.Build.0 = Release|Any CPU
		{29FCAF7B-4177-40B4-A1BC-25028ED08D95}.Release|x64.ActiveCfg = Release|Any CPU
		{29FCAF7B-4177-40B4-A1BC-25028ED08D95}.Release|x64.Build.0 = Release|Any CPU
		{29FCAF7B-4177-40B4-A1BC-25028ED08D95}.Release|x86.ActiveCfg = Release|Any CPU
		{29FCAF7B-4177-40B4-A1BC-25028ED08D95}.Release|x86.Build.0 = Release|Any CPU
		{73F5C4EE-09D2-4A24-99B2-E742B389360A}.Debug|Any CPU.ActiveCfg = Debug|Any CPU
		{73F5C4EE-09D2-4A24-99B2-E742B389360A}.Debug|Any CPU.Build.0 = Debug|Any CPU
		{73F5C4EE-09D2-4A24-99B2-E742B389360A}.Debug|x64.ActiveCfg = Debug|Any CPU
		{73F5C4EE-09D2-4A24-99B2-E742B389360A}.Debug|x64.Build.0 = Debug|Any CPU
		{73F5C4EE-09D2-4A24-99B2-E742B389360A}.Debug|x86.ActiveCfg = Debug|Any CPU
		{73F5C4EE-09D2-4A24-99B2-E742B389360A}.Debug|x86.Build.0 = Debug|Any CPU
		{73F5C4EE-09D2-4A24-99B2-E742B389360A}.Release|Any CPU.ActiveCfg = Release|Any CPU
		{73F5C4EE-09D2-4A24-99B2-E742B389360A}.Release|Any CPU.Build.0 = Release|Any CPU
		{73F5C4EE-09D2-4A24-99B2-E742B389360A}.Release|x64.ActiveCfg = Release|Any CPU
		{73F5C4EE-09D2-4A24-99B2-E742B389360A}.Release|x64.Build.0 = Release|Any CPU
		{73F5C4EE-09D2-4A24-99B2-E742B389360A}.Release|x86.ActiveCfg = Release|Any CPU
		{73F5C4EE-09D2-4A24-99B2-E742B389360A}.Release|x86.Build.0 = Release|Any CPU
		{111C582D-9F72-4B95-9C68-BED6F8E3915E}.Debug|Any CPU.ActiveCfg = Debug|Any CPU
		{111C582D-9F72-4B95-9C68-BED6F8E3915E}.Debug|Any CPU.Build.0 = Debug|Any CPU
		{111C582D-9F72-4B95-9C68-BED6F8E3915E}.Debug|x64.ActiveCfg = Debug|Any CPU
		{111C582D-9F72-4B95-9C68-BED6F8E3915E}.Debug|x64.Build.0 = Debug|Any CPU
		{111C582D-9F72-4B95-9C68-BED6F8E3915E}.Debug|x86.ActiveCfg = Debug|Any CPU
		{111C582D-9F72-4B95-9C68-BED6F8E3915E}.Debug|x86.Build.0 = Debug|Any CPU
		{111C582D-9F72-4B95-9C68-BED6F8E3915E}.Release|Any CPU.ActiveCfg = Release|Any CPU
		{111C582D-9F72-4B95-9C68-BED6F8E3915E}.Release|Any CPU.Build.0 = Release|Any CPU
		{111C582D-9F72-4B95-9C68-BED6F8E3915E}.Release|x64.ActiveCfg = Release|Any CPU
		{111C582D-9F72-4B95-9C68-BED6F8E3915E}.Release|x64.Build.0 = Release|Any CPU
		{111C582D-9F72-4B95-9C68-BED6F8E3915E}.Release|x86.ActiveCfg = Release|Any CPU
		{111C582D-9F72-4B95-9C68-BED6F8E3915E}.Release|x86.Build.0 = Release|Any CPU
		{E005B507-4393-4AD5-AA75-4D916E27A5DE}.Debug|Any CPU.ActiveCfg = Debug|Any CPU
		{E005B507-4393-4AD5-AA75-4D916E27A5DE}.Debug|Any CPU.Build.0 = Debug|Any CPU
		{E005B507-4393-4AD5-AA75-4D916E27A5DE}.Debug|x64.ActiveCfg = Debug|Any CPU
		{E005B507-4393-4AD5-AA75-4D916E27A5DE}.Debug|x64.Build.0 = Debug|Any CPU
		{E005B507-4393-4AD5-AA75-4D916E27A5DE}.Debug|x86.ActiveCfg = Debug|Any CPU
		{E005B507-4393-4AD5-AA75-4D916E27A5DE}.Debug|x86.Build.0 = Debug|Any CPU
		{E005B507-4393-4AD5-AA75-4D916E27A5DE}.Release|Any CPU.ActiveCfg = Release|Any CPU
		{E005B507-4393-4AD5-AA75-4D916E27A5DE}.Release|Any CPU.Build.0 = Release|Any CPU
		{E005B507-4393-4AD5-AA75-4D916E27A5DE}.Release|x64.ActiveCfg = Release|Any CPU
		{E005B507-4393-4AD5-AA75-4D916E27A5DE}.Release|x64.Build.0 = Release|Any CPU
		{E005B507-4393-4AD5-AA75-4D916E27A5DE}.Release|x86.ActiveCfg = Release|Any CPU
		{E005B507-4393-4AD5-AA75-4D916E27A5DE}.Release|x86.Build.0 = Release|Any CPU
		{BEF8B3AD-C658-4443-83D1-28C5501D0F28}.Debug|Any CPU.ActiveCfg = Debug|Any CPU
		{BEF8B3AD-C658-4443-83D1-28C5501D0F28}.Debug|Any CPU.Build.0 = Debug|Any CPU
		{BEF8B3AD-C658-4443-83D1-28C5501D0F28}.Debug|x64.ActiveCfg = Debug|Any CPU
		{BEF8B3AD-C658-4443-83D1-28C5501D0F28}.Debug|x64.Build.0 = Debug|Any CPU
		{BEF8B3AD-C658-4443-83D1-28C5501D0F28}.Debug|x86.ActiveCfg = Debug|Any CPU
		{BEF8B3AD-C658-4443-83D1-28C5501D0F28}.Debug|x86.Build.0 = Debug|Any CPU
		{BEF8B3AD-C658-4443-83D1-28C5501D0F28}.Release|Any CPU.ActiveCfg = Release|Any CPU
		{BEF8B3AD-C658-4443-83D1-28C5501D0F28}.Release|Any CPU.Build.0 = Release|Any CPU
		{BEF8B3AD-C658-4443-83D1-28C5501D0F28}.Release|x64.ActiveCfg = Release|Any CPU
		{BEF8B3AD-C658-4443-83D1-28C5501D0F28}.Release|x64.Build.0 = Release|Any CPU
		{BEF8B3AD-C658-4443-83D1-28C5501D0F28}.Release|x86.ActiveCfg = Release|Any CPU
		{BEF8B3AD-C658-4443-83D1-28C5501D0F28}.Release|x86.Build.0 = Release|Any CPU
	EndGlobalSection
	GlobalSection(SolutionProperties) = preSolution
		HideSolutionNode = FALSE
	EndGlobalSection
	GlobalSection(NestedProjects) = preSolution
		{4137E6CA-4B15-4BD1-BA5E-8CE6B0B79839} = {4F52FD11-658E-A102-6CD3-7D7C16FFA15B}
		{46573CD7-CCFD-41D8-AAAF-A3737ABC4572} = {2CB42F12-E813-91B3-7D11-3220E40BEF4A}
		{FDE4BF09-72F0-4595-BEE6-05C4E2DF4097} = {DAD03CFC-D5FA-AC94-41C7-9ABAB326F09E}
		{29FCAF7B-4177-40B4-A1BC-25028ED08D95} = {DAD03CFC-D5FA-AC94-41C7-9ABAB326F09E}
		{73F5C4EE-09D2-4A24-99B2-E742B389360A} = {DAD03CFC-D5FA-AC94-41C7-9ABAB326F09E}
		{111C582D-9F72-4B95-9C68-BED6F8E3915E} = {DAD03CFC-D5FA-AC94-41C7-9ABAB326F09E}
		{E005B507-4393-4AD5-AA75-4D916E27A5DE} = {DAD03CFC-D5FA-AC94-41C7-9ABAB326F09E}
		{BEF8B3AD-C658-4443-83D1-28C5501D0F28} = {DAD03CFC-D5FA-AC94-41C7-9ABAB326F09E}
	EndGlobalSection
EndGlobal
