Microsoft Visual Studio Solution File, Format Version 12.00
# Visual Studio Version 17
VisualStudioVersion = 17.0.31903.59
MinimumVisualStudioVersion = 10.0.40219.1
Project("{2150E333-8FDC-42A3-9474-1A3956D46DE8}") = "Client", "Client", "{3D7506E4-66FD-4904-9096-1A32BB0D6ACB}"
EndProject
Project("{2150E333-8FDC-42A3-9474-1A3956D46DE8}") = "Server", "Server", "{6906EE55-BCF6-41BD-A4B0-47732850D14C}"
EndProject
Project("{2150E333-8FDC-42A3-9474-1A3956D46DE8}") = "Configuration", "Configuration", "{D9A72CA3-2054-404B-967E-BE3DC07D033C}"
EndProject
Project("{2150E333-8FDC-42A3-9474-1A3956D46DE8}") = "GameApi", "GameApi", "{D16722A4-436C-4808-A92A-B73E3475CDDC}"
EndProject
Project("{2150E333-8FDC-42A3-9474-1A3956D46DE8}") = "QuestMission", "QuestMission", "{AFCCDB76-92CF-4956-9365-828363013555}"
EndProject
Project("{2150E333-8FDC-42A3-9474-1A3956D46DE8}") = "Shared", "Shared", "{BA53B09A-3668-4132-9DB9-E8BFAC22DE79}"
EndProject
Project("{FAE04EC0-301F-11D3-BF4B-00C04F79EFBC}") = "GameQuest.Client", "Client\GameQuest.Client.csproj", "{D169E806-EC44-4A9D-8800-7E5618BDD727}"
EndProject
Project("{FAE04EC0-301F-11D3-BF4B-00C04F79EFBC}") = "GameQuest", "GameQuest.csproj", "{5E4F5498-0098-46F7-B109-0AE61A32F8AD}"
EndProject
Project("{FAE04EC0-301F-11D3-BF4B-00C04F79EFBC}") = "GameQuest.Server.Configuration", "Server\Configuration\GameQuest.Server.Configuration.csproj", "{665D739C-EDE8-4AB1-89F7-264CBC08D3A8}"
EndProject
Project("{FAE04EC0-301F-11D3-BF4B-00C04F79EFBC}") = "GameQuest.GameApi", "Server\GameApi\GameQuest.GameApi.csproj", "{FF262212-1DE9-4ED3-B622-27A599D3E702}"
EndProject
Project("{FAE04EC0-301F-11D3-BF4B-00C04F79EFBC}") = "GameQuest.QuestMission", "Server\QuestMission\GameQuest.QuestMission.csproj", "{40B1A478-6884-4E7A-8D2E-5832760568AE}"
EndProject
Project("{FAE04EC0-301F-11D3-BF4B-00C04F79EFBC}") = "GameQuest.Shared", "Shared\GameQuest.Shared.csproj", "{024B2F44-0439-4ACB-BF60-5F5DA308E346}"
EndProject
Global
	GlobalSection(SolutionConfigurationPlatforms) = preSolution
		Debug|Any CPU = Debug|Any CPU
		Release|Any CPU = Release|Any CPU
	EndGlobalSection
	GlobalSection(ProjectConfigurationPlatforms) = postSolution
		{D169E806-EC44-4A9D-8800-7E5618BDD727}.Debug|Any CPU.ActiveCfg = Debug|Any CPU
		{D169E806-EC44-4A9D-8800-7E5618BDD727}.Debug|Any CPU.Build.0 = Debug|Any CPU
		{D169E806-EC44-4A9D-8800-7E5618BDD727}.Release|Any CPU.ActiveCfg = Release|Any CPU
		{D169E806-EC44-4A9D-8800-7E5618BDD727}.Release|Any CPU.Build.0 = Release|Any CPU
		{5E4F5498-0098-46F7-B109-0AE61A32F8AD}.Debug|Any CPU.ActiveCfg = Debug|Any CPU
		{5E4F5498-0098-46F7-B109-0AE61A32F8AD}.Debug|Any CPU.Build.0 = Debug|Any CPU
		{5E4F5498-0098-46F7-B109-0AE61A32F8AD}.Release|Any CPU.ActiveCfg = Release|Any CPU
		{5E4F5498-0098-46F7-B109-0AE61A32F8AD}.Release|Any CPU.Build.0 = Release|Any CPU
		{665D739C-EDE8-4AB1-89F7-264CBC08D3A8}.Debug|Any CPU.ActiveCfg = Debug|Any CPU
		{665D739C-EDE8-4AB1-89F7-264CBC08D3A8}.Debug|Any CPU.Build.0 = Debug|Any CPU
		{665D739C-EDE8-4AB1-89F7-264CBC08D3A8}.Release|Any CPU.ActiveCfg = Release|Any CPU
		{665D739C-EDE8-4AB1-89F7-264CBC08D3A8}.Release|Any CPU.Build.0 = Release|Any CPU
		{FF262212-1DE9-4ED3-B622-27A599D3E702}.Debug|Any CPU.ActiveCfg = Debug|Any CPU
		{FF262212-1DE9-4ED3-B622-27A599D3E702}.Debug|Any CPU.Build.0 = Debug|Any CPU
		{FF262212-1DE9-4ED3-B622-27A599D3E702}.Release|Any CPU.ActiveCfg = Release|Any CPU
		{FF262212-1DE9-4ED3-B622-27A599D3E702}.Release|Any CPU.Build.0 = Release|Any CPU
		{40B1A478-6884-4E7A-8D2E-5832760568AE}.Debug|Any CPU.ActiveCfg = Debug|Any CPU
		{40B1A478-6884-4E7A-8D2E-5832760568AE}.Debug|Any CPU.Build.0 = Debug|Any CPU
		{40B1A478-6884-4E7A-8D2E-5832760568AE}.Release|Any CPU.ActiveCfg = Release|Any CPU
		{40B1A478-6884-4E7A-8D2E-5832760568AE}.Release|Any CPU.Build.0 = Release|Any CPU
		{024B2F44-0439-4ACB-BF60-5F5DA308E346}.Debug|Any CPU.ActiveCfg = Debug|Any CPU
		{024B2F44-0439-4ACB-BF60-5F5DA308E346}.Debug|Any CPU.Build.0 = Debug|Any CPU
		{024B2F44-0439-4ACB-BF60-5F5DA308E346}.Release|Any CPU.ActiveCfg = Release|Any CPU
		{024B2F44-0439-4ACB-BF60-5F5DA308E346}.Release|Any CPU.Build.0 = Release|Any CPU
	EndGlobalSection
	GlobalSection(NestedProjects) = preSolution
		{D9A72CA3-2054-404B-967E-BE3DC07D033C} = {6906EE55-BCF6-41BD-A4B0-47732850D14C}
		{D16722A4-436C-4808-A92A-B73E3475CDDC} = {6906EE55-BCF6-41BD-A4B0-47732850D14C}
		{AFCCDB76-92CF-4956-9365-828363013555} = {6906EE55-BCF6-41BD-A4B0-47732850D14C}
		{D169E806-EC44-4A9D-8800-7E5618BDD727} = {3D7506E4-66FD-4904-9096-1A32BB0D6ACB}
		{665D739C-EDE8-4AB1-89F7-264CBC08D3A8} = {D9A72CA3-2054-404B-967E-BE3DC07D033C}
		{FF262212-1DE9-4ED3-B622-27A599D3E702} = {D16722A4-436C-4808-A92A-B73E3475CDDC}
		{40B1A478-6884-4E7A-8D2E-5832760568AE} = {AFCCDB76-92CF-4956-9365-828363013555}
		{024B2F44-0439-4ACB-BF60-5F5DA308E346} = {BA53B09A-3668-4132-9DB9-E8BFAC22DE79}
	EndGlobalSection
EndGlobal
