Microsoft Visual Studio Solution File, Format Version 12.00
# Visual Studio Version 17
VisualStudioVersion = 17.0.31903.59
MinimumVisualStudioVersion = 10.0.40219.1
Project("{2150E333-8FDC-42A3-9474-1A3956D46DE8}") = "Client", "Client", "{B58BCF40-C5B6-4D02-AD1E-94F6292C4867}"
EndProject
Project("{2150E333-8FDC-42A3-9474-1A3956D46DE8}") = "Server", "Server", "{1FA1463B-9F2A-4BFF-A1CE-C87FA9BE56B6}"
EndProject
Project("{2150E333-8FDC-42A3-9474-1A3956D46DE8}") = "Configuration", "Configuration", "{3CD40B65-444C-441B-9B8D-CD04917B9DA8}"
EndProject
Project("{2150E333-8FDC-42A3-9474-1A3956D46DE8}") = "Gateway", "Gateway", "{C1DBFAA7-9CE6-411C-BFE3-A64C80BFF04A}"
EndProject
Project("{2150E333-8FDC-42A3-9474-1A3956D46DE8}") = "Ops", "Ops", "{F4BE3088-98AE-4C16-B0AF-A4CD49BE70B1}"
EndProject
Project("{2150E333-8FDC-42A3-9474-1A3956D46DE8}") = "ZoneNode", "ZoneNode", "{08F41466-19C0-4B96-8CFE-5AF93E7517BD}"
EndProject
Project("{2150E333-8FDC-42A3-9474-1A3956D46DE8}") = "Shared", "Shared", "{EEA7F4A4-73E4-4B9A-9366-E38A0BDDB98D}"
EndProject
Project("{FAE04EC0-301F-11D3-BF4B-00C04F79EFBC}") = "ZoneWorld.Client", "Client\ZoneWorld.Client.csproj", "{A0584A04-A5DA-4DF5-8DD6-5A003A9860B2}"
EndProject
Project("{FAE04EC0-301F-11D3-BF4B-00C04F79EFBC}") = "ZoneWorld.Server.Configuration", "Server\Configuration\ZoneWorld.Server.Configuration.csproj", "{4F7D5481-FC74-4F96-95F2-74DB77BC996A}"
EndProject
Project("{FAE04EC0-301F-11D3-BF4B-00C04F79EFBC}") = "ZoneWorld.Server.Gateway", "Server\Gateway\ZoneWorld.Server.Gateway.csproj", "{F92F8C28-AAB7-43BF-9074-FAA9FFED4137}"
EndProject
Project("{FAE04EC0-301F-11D3-BF4B-00C04F79EFBC}") = "ZoneWorld.Server.Ops", "Server\Ops\ZoneWorld.Server.Ops.csproj", "{E2034C3B-C6CE-42A2-85D3-3E3C1478867F}"
EndProject
Project("{FAE04EC0-301F-11D3-BF4B-00C04F79EFBC}") = "ZoneWorld.Server.ZoneNode", "Server\ZoneNode\ZoneWorld.Server.ZoneNode.csproj", "{40D031B4-C0D5-47D0-A4FA-1E90D278A1E1}"
EndProject
Project("{FAE04EC0-301F-11D3-BF4B-00C04F79EFBC}") = "ZoneWorld.Shared", "Shared\ZoneWorld.Shared.csproj", "{841C8D93-C1E2-4122-A433-CF0669CF6DD1}"
EndProject
Project("{FAE04EC0-301F-11D3-BF4B-00C04F79EFBC}") = "SessionRouteBlockProxy", "Support\SessionRouteBlockProxy\SessionRouteBlockProxy.csproj", "{B339D396-B83B-4EAA-9514-4E0A9F07A23B}"
EndProject
Global
	GlobalSection(SolutionConfigurationPlatforms) = preSolution
		Debug|Any CPU = Debug|Any CPU
		Release|Any CPU = Release|Any CPU
	EndGlobalSection
	GlobalSection(ProjectConfigurationPlatforms) = postSolution
		{A0584A04-A5DA-4DF5-8DD6-5A003A9860B2}.Debug|Any CPU.ActiveCfg = Debug|Any CPU
		{A0584A04-A5DA-4DF5-8DD6-5A003A9860B2}.Debug|Any CPU.Build.0 = Debug|Any CPU
		{A0584A04-A5DA-4DF5-8DD6-5A003A9860B2}.Release|Any CPU.ActiveCfg = Release|Any CPU
		{A0584A04-A5DA-4DF5-8DD6-5A003A9860B2}.Release|Any CPU.Build.0 = Release|Any CPU
		{4F7D5481-FC74-4F96-95F2-74DB77BC996A}.Debug|Any CPU.ActiveCfg = Debug|Any CPU
		{4F7D5481-FC74-4F96-95F2-74DB77BC996A}.Debug|Any CPU.Build.0 = Debug|Any CPU
		{4F7D5481-FC74-4F96-95F2-74DB77BC996A}.Release|Any CPU.ActiveCfg = Release|Any CPU
		{4F7D5481-FC74-4F96-95F2-74DB77BC996A}.Release|Any CPU.Build.0 = Release|Any CPU
		{F92F8C28-AAB7-43BF-9074-FAA9FFED4137}.Debug|Any CPU.ActiveCfg = Debug|Any CPU
		{F92F8C28-AAB7-43BF-9074-FAA9FFED4137}.Debug|Any CPU.Build.0 = Debug|Any CPU
		{F92F8C28-AAB7-43BF-9074-FAA9FFED4137}.Release|Any CPU.ActiveCfg = Release|Any CPU
		{F92F8C28-AAB7-43BF-9074-FAA9FFED4137}.Release|Any CPU.Build.0 = Release|Any CPU
		{E2034C3B-C6CE-42A2-85D3-3E3C1478867F}.Debug|Any CPU.ActiveCfg = Debug|Any CPU
		{E2034C3B-C6CE-42A2-85D3-3E3C1478867F}.Debug|Any CPU.Build.0 = Debug|Any CPU
		{E2034C3B-C6CE-42A2-85D3-3E3C1478867F}.Release|Any CPU.ActiveCfg = Release|Any CPU
		{E2034C3B-C6CE-42A2-85D3-3E3C1478867F}.Release|Any CPU.Build.0 = Release|Any CPU
		{40D031B4-C0D5-47D0-A4FA-1E90D278A1E1}.Debug|Any CPU.ActiveCfg = Debug|Any CPU
		{40D031B4-C0D5-47D0-A4FA-1E90D278A1E1}.Debug|Any CPU.Build.0 = Debug|Any CPU
		{40D031B4-C0D5-47D0-A4FA-1E90D278A1E1}.Release|Any CPU.ActiveCfg = Release|Any CPU
		{40D031B4-C0D5-47D0-A4FA-1E90D278A1E1}.Release|Any CPU.Build.0 = Release|Any CPU
		{841C8D93-C1E2-4122-A433-CF0669CF6DD1}.Debug|Any CPU.ActiveCfg = Debug|Any CPU
		{841C8D93-C1E2-4122-A433-CF0669CF6DD1}.Debug|Any CPU.Build.0 = Debug|Any CPU
		{841C8D93-C1E2-4122-A433-CF0669CF6DD1}.Release|Any CPU.ActiveCfg = Release|Any CPU
		{841C8D93-C1E2-4122-A433-CF0669CF6DD1}.Release|Any CPU.Build.0 = Release|Any CPU
		{B339D396-B83B-4EAA-9514-4E0A9F07A23B}.Debug|Any CPU.ActiveCfg = Debug|Any CPU
		{B339D396-B83B-4EAA-9514-4E0A9F07A23B}.Debug|Any CPU.Build.0 = Debug|Any CPU
		{B339D396-B83B-4EAA-9514-4E0A9F07A23B}.Release|Any CPU.ActiveCfg = Release|Any CPU
		{B339D396-B83B-4EAA-9514-4E0A9F07A23B}.Release|Any CPU.Build.0 = Release|Any CPU
	EndGlobalSection
	GlobalSection(NestedProjects) = preSolution
		{3CD40B65-444C-441B-9B8D-CD04917B9DA8} = {1FA1463B-9F2A-4BFF-A1CE-C87FA9BE56B6}
		{C1DBFAA7-9CE6-411C-BFE3-A64C80BFF04A} = {1FA1463B-9F2A-4BFF-A1CE-C87FA9BE56B6}
		{F4BE3088-98AE-4C16-B0AF-A4CD49BE70B1} = {1FA1463B-9F2A-4BFF-A1CE-C87FA9BE56B6}
		{08F41466-19C0-4B96-8CFE-5AF93E7517BD} = {1FA1463B-9F2A-4BFF-A1CE-C87FA9BE56B6}
		{A0584A04-A5DA-4DF5-8DD6-5A003A9860B2} = {B58BCF40-C5B6-4D02-AD1E-94F6292C4867}
		{4F7D5481-FC74-4F96-95F2-74DB77BC996A} = {3CD40B65-444C-441B-9B8D-CD04917B9DA8}
		{F92F8C28-AAB7-43BF-9074-FAA9FFED4137} = {C1DBFAA7-9CE6-411C-BFE3-A64C80BFF04A}
		{E2034C3B-C6CE-42A2-85D3-3E3C1478867F} = {F4BE3088-98AE-4C16-B0AF-A4CD49BE70B1}
		{40D031B4-C0D5-47D0-A4FA-1E90D278A1E1} = {08F41466-19C0-4B96-8CFE-5AF93E7517BD}
		{841C8D93-C1E2-4122-A433-CF0669CF6DD1} = {EEA7F4A4-73E4-4B9A-9366-E38A0BDDB98D}
	EndGlobalSection
EndGlobal
