Microsoft Visual Studio Solution File, Format Version 12.00
# Visual Studio Version 17
VisualStudioVersion = 17.0.31903.59
MinimumVisualStudioVersion = 10.0.40219.1
Project("{2150E333-8FDC-42A3-9474-1A3956D46DE8}") = "Client", "Client", "{9EE3FC21-2F7E-4131-9AE2-90B1E8AEE8DD}"
EndProject
Project("{2150E333-8FDC-42A3-9474-1A3956D46DE8}") = "Server", "Server", "{9C3958BF-C3E1-4EF5-B635-4A136B34FE31}"
EndProject
Project("{2150E333-8FDC-42A3-9474-1A3956D46DE8}") = "Api", "Api", "{907C6E63-8DF6-47A8-849C-EFA319E6E427}"
EndProject
Project("{2150E333-8FDC-42A3-9474-1A3956D46DE8}") = "Configuration", "Configuration", "{CDDAB0C7-CBE7-4B0B-B155-67D70DB2FA7A}"
EndProject
Project("{2150E333-8FDC-42A3-9474-1A3956D46DE8}") = "Session", "Session", "{2D21E317-E824-48AE-970A-B0BF0656BD59}"
EndProject
Project("{2150E333-8FDC-42A3-9474-1A3956D46DE8}") = "Support", "Support", "{AA631D91-7CF3-40C0-B7B5-E1B8701F31E1}"
EndProject
Project("{2150E333-8FDC-42A3-9474-1A3956D46DE8}") = "Shared", "Shared", "{FBF70412-01D1-4B53-A6E4-EFF8D49E7873}"
EndProject
Project("{FAE04EC0-301F-11D3-BF4B-00C04F79EFBC}") = "SupportChat.Client", "Client\SupportChat.Client.csproj", "{E7079AAE-A8BE-4075-82CB-AA417270FF01}"
EndProject
Project("{FAE04EC0-301F-11D3-BF4B-00C04F79EFBC}") = "SupportChat.Server.Api", "Server\Api\SupportChat.Server.Api.csproj", "{95DDBCB3-E223-4DE3-BBD4-35E10920A6B7}"
EndProject
Project("{FAE04EC0-301F-11D3-BF4B-00C04F79EFBC}") = "SupportChat.Server.Configuration", "Server\Configuration\SupportChat.Server.Configuration.csproj", "{D64F3802-B39B-44A3-A78B-624E3D409A1F}"
EndProject
Project("{FAE04EC0-301F-11D3-BF4B-00C04F79EFBC}") = "SupportChat.Server.Session", "Server\Session\SupportChat.Server.Session.csproj", "{08D3D630-7132-4D33-8F29-37845C624256}"
EndProject
Project("{FAE04EC0-301F-11D3-BF4B-00C04F79EFBC}") = "SupportChat.Server.Support", "Server\Support\SupportChat.Server.Support.csproj", "{89CFD93B-7B59-412C-92EB-F7EEBF659DBA}"
EndProject
Project("{FAE04EC0-301F-11D3-BF4B-00C04F79EFBC}") = "SupportChat.Shared", "Shared\SupportChat.Shared.csproj", "{D1852CEA-AB3B-4098-B213-1214B26F5303}"
EndProject
Project("{FAE04EC0-301F-11D3-BF4B-00C04F79EFBC}") = "SupportChat", "SupportChat.csproj", "{E4594F0B-A8FC-48E7-9032-609DC4036AF9}"
EndProject
Global
	GlobalSection(SolutionConfigurationPlatforms) = preSolution
		Debug|Any CPU = Debug|Any CPU
		Release|Any CPU = Release|Any CPU
	EndGlobalSection
	GlobalSection(ProjectConfigurationPlatforms) = postSolution
		{E7079AAE-A8BE-4075-82CB-AA417270FF01}.Debug|Any CPU.ActiveCfg = Debug|Any CPU
		{E7079AAE-A8BE-4075-82CB-AA417270FF01}.Debug|Any CPU.Build.0 = Debug|Any CPU
		{E7079AAE-A8BE-4075-82CB-AA417270FF01}.Release|Any CPU.ActiveCfg = Release|Any CPU
		{E7079AAE-A8BE-4075-82CB-AA417270FF01}.Release|Any CPU.Build.0 = Release|Any CPU
		{95DDBCB3-E223-4DE3-BBD4-35E10920A6B7}.Debug|Any CPU.ActiveCfg = Debug|Any CPU
		{95DDBCB3-E223-4DE3-BBD4-35E10920A6B7}.Debug|Any CPU.Build.0 = Debug|Any CPU
		{95DDBCB3-E223-4DE3-BBD4-35E10920A6B7}.Release|Any CPU.ActiveCfg = Release|Any CPU
		{95DDBCB3-E223-4DE3-BBD4-35E10920A6B7}.Release|Any CPU.Build.0 = Release|Any CPU
		{D64F3802-B39B-44A3-A78B-624E3D409A1F}.Debug|Any CPU.ActiveCfg = Debug|Any CPU
		{D64F3802-B39B-44A3-A78B-624E3D409A1F}.Debug|Any CPU.Build.0 = Debug|Any CPU
		{D64F3802-B39B-44A3-A78B-624E3D409A1F}.Release|Any CPU.ActiveCfg = Release|Any CPU
		{D64F3802-B39B-44A3-A78B-624E3D409A1F}.Release|Any CPU.Build.0 = Release|Any CPU
		{08D3D630-7132-4D33-8F29-37845C624256}.Debug|Any CPU.ActiveCfg = Debug|Any CPU
		{08D3D630-7132-4D33-8F29-37845C624256}.Debug|Any CPU.Build.0 = Debug|Any CPU
		{08D3D630-7132-4D33-8F29-37845C624256}.Release|Any CPU.ActiveCfg = Release|Any CPU
		{08D3D630-7132-4D33-8F29-37845C624256}.Release|Any CPU.Build.0 = Release|Any CPU
		{89CFD93B-7B59-412C-92EB-F7EEBF659DBA}.Debug|Any CPU.ActiveCfg = Debug|Any CPU
		{89CFD93B-7B59-412C-92EB-F7EEBF659DBA}.Debug|Any CPU.Build.0 = Debug|Any CPU
		{89CFD93B-7B59-412C-92EB-F7EEBF659DBA}.Release|Any CPU.ActiveCfg = Release|Any CPU
		{89CFD93B-7B59-412C-92EB-F7EEBF659DBA}.Release|Any CPU.Build.0 = Release|Any CPU
		{D1852CEA-AB3B-4098-B213-1214B26F5303}.Debug|Any CPU.ActiveCfg = Debug|Any CPU
		{D1852CEA-AB3B-4098-B213-1214B26F5303}.Debug|Any CPU.Build.0 = Debug|Any CPU
		{D1852CEA-AB3B-4098-B213-1214B26F5303}.Release|Any CPU.ActiveCfg = Release|Any CPU
		{D1852CEA-AB3B-4098-B213-1214B26F5303}.Release|Any CPU.Build.0 = Release|Any CPU
		{E4594F0B-A8FC-48E7-9032-609DC4036AF9}.Debug|Any CPU.ActiveCfg = Debug|Any CPU
		{E4594F0B-A8FC-48E7-9032-609DC4036AF9}.Debug|Any CPU.Build.0 = Debug|Any CPU
		{E4594F0B-A8FC-48E7-9032-609DC4036AF9}.Release|Any CPU.ActiveCfg = Release|Any CPU
		{E4594F0B-A8FC-48E7-9032-609DC4036AF9}.Release|Any CPU.Build.0 = Release|Any CPU
	EndGlobalSection
	GlobalSection(NestedProjects) = preSolution
		{907C6E63-8DF6-47A8-849C-EFA319E6E427} = {9C3958BF-C3E1-4EF5-B635-4A136B34FE31}
		{CDDAB0C7-CBE7-4B0B-B155-67D70DB2FA7A} = {9C3958BF-C3E1-4EF5-B635-4A136B34FE31}
		{2D21E317-E824-48AE-970A-B0BF0656BD59} = {9C3958BF-C3E1-4EF5-B635-4A136B34FE31}
		{AA631D91-7CF3-40C0-B7B5-E1B8701F31E1} = {9C3958BF-C3E1-4EF5-B635-4A136B34FE31}
		{E7079AAE-A8BE-4075-82CB-AA417270FF01} = {9EE3FC21-2F7E-4131-9AE2-90B1E8AEE8DD}
		{95DDBCB3-E223-4DE3-BBD4-35E10920A6B7} = {907C6E63-8DF6-47A8-849C-EFA319E6E427}
		{D64F3802-B39B-44A3-A78B-624E3D409A1F} = {CDDAB0C7-CBE7-4B0B-B155-67D70DB2FA7A}
		{08D3D630-7132-4D33-8F29-37845C624256} = {2D21E317-E824-48AE-970A-B0BF0656BD59}
		{89CFD93B-7B59-412C-92EB-F7EEBF659DBA} = {AA631D91-7CF3-40C0-B7B5-E1B8701F31E1}
		{D1852CEA-AB3B-4098-B213-1214B26F5303} = {FBF70412-01D1-4B53-A6E4-EFF8D49E7873}
	EndGlobalSection
EndGlobal
