Microsoft Visual Studio Solution File, Format Version 12.00
# Visual Studio Version 17
VisualStudioVersion = 17.0.31903.59
MinimumVisualStudioVersion = 10.0.40219.1
Project("{2150E333-8FDC-42A3-9474-1A3956D46DE8}") = "Client", "Client", "{3DF1F94B-6507-45C4-B23D-5E56F0E3476C}"
EndProject
Project("{2150E333-8FDC-42A3-9474-1A3956D46DE8}") = "Server", "Server", "{CD201811-1769-4A84-88A9-FA48ECDD2B18}"
EndProject
Project("{2150E333-8FDC-42A3-9474-1A3956D46DE8}") = "CommerceApi", "CommerceApi", "{52D92CD4-3FEB-44E4-A223-1ACEADC73BFD}"
EndProject
Project("{2150E333-8FDC-42A3-9474-1A3956D46DE8}") = "Configuration", "Configuration", "{1AAF27F1-2BF9-49FE-9566-C7D8873C1D5E}"
EndProject
Project("{2150E333-8FDC-42A3-9474-1A3956D46DE8}") = "OrderWorkflow", "OrderWorkflow", "{8D7CEA63-1E85-4F09-B950-AC1D1D0E8ABC}"
EndProject
Project("{2150E333-8FDC-42A3-9474-1A3956D46DE8}") = "Shared", "Shared", "{E7A90953-C59A-4E89-A606-5ADFF722AA44}"
EndProject
Project("{2150E333-8FDC-42A3-9474-1A3956D46DE8}") = "Shared", "Shared", "{C5FDE5B0-CA61-4F33-B927-1B9921BE18B2}"
EndProject
Project("{FAE04EC0-301F-11D3-BF4B-00C04F79EFBC}") = "ShoppingMall.Client", "Client\ShoppingMall.Client.csproj", "{57791BB1-7746-48B0-B468-D77205645E6A}"
EndProject
Project("{FAE04EC0-301F-11D3-BF4B-00C04F79EFBC}") = "ShoppingMall.CommerceApi", "Server\CommerceApi\ShoppingMall.CommerceApi.csproj", "{55346966-3BFD-4FCD-BB43-0F0F76C28C01}"
EndProject
Project("{FAE04EC0-301F-11D3-BF4B-00C04F79EFBC}") = "ShoppingMall.Server.Configuration", "Server\Configuration\ShoppingMall.Server.Configuration.csproj", "{377DF969-8B5A-46BD-A820-710360C87026}"
EndProject
Project("{FAE04EC0-301F-11D3-BF4B-00C04F79EFBC}") = "ShoppingMall.OrderWorkflow", "Server\OrderWorkflow\ShoppingMall.OrderWorkflow.csproj", "{E6AAA105-778C-4741-AFA8-4590099F4394}"
EndProject
Project("{FAE04EC0-301F-11D3-BF4B-00C04F79EFBC}") = "ShoppingMall.Server.Shared", "Server\Shared\ShoppingMall.Server.Shared.csproj", "{16ECB837-3858-496A-AE4F-F82F9057E1CD}"
EndProject
Project("{FAE04EC0-301F-11D3-BF4B-00C04F79EFBC}") = "ShoppingMall.Shared", "Shared\ShoppingMall.Shared.csproj", "{6959932F-8D6C-474E-96A0-A34E644AEF10}"
EndProject
Project("{FAE04EC0-301F-11D3-BF4B-00C04F79EFBC}") = "ShoppingMall", "ShoppingMall.csproj", "{25F7B1EA-D276-4710-B280-CB64C6693788}"
EndProject
Global
	GlobalSection(SolutionConfigurationPlatforms) = preSolution
		Debug|Any CPU = Debug|Any CPU
		Release|Any CPU = Release|Any CPU
	EndGlobalSection
	GlobalSection(ProjectConfigurationPlatforms) = postSolution
		{57791BB1-7746-48B0-B468-D77205645E6A}.Debug|Any CPU.ActiveCfg = Debug|Any CPU
		{57791BB1-7746-48B0-B468-D77205645E6A}.Debug|Any CPU.Build.0 = Debug|Any CPU
		{57791BB1-7746-48B0-B468-D77205645E6A}.Release|Any CPU.ActiveCfg = Release|Any CPU
		{57791BB1-7746-48B0-B468-D77205645E6A}.Release|Any CPU.Build.0 = Release|Any CPU
		{55346966-3BFD-4FCD-BB43-0F0F76C28C01}.Debug|Any CPU.ActiveCfg = Debug|Any CPU
		{55346966-3BFD-4FCD-BB43-0F0F76C28C01}.Debug|Any CPU.Build.0 = Debug|Any CPU
		{55346966-3BFD-4FCD-BB43-0F0F76C28C01}.Release|Any CPU.ActiveCfg = Release|Any CPU
		{55346966-3BFD-4FCD-BB43-0F0F76C28C01}.Release|Any CPU.Build.0 = Release|Any CPU
		{377DF969-8B5A-46BD-A820-710360C87026}.Debug|Any CPU.ActiveCfg = Debug|Any CPU
		{377DF969-8B5A-46BD-A820-710360C87026}.Debug|Any CPU.Build.0 = Debug|Any CPU
		{377DF969-8B5A-46BD-A820-710360C87026}.Release|Any CPU.ActiveCfg = Release|Any CPU
		{377DF969-8B5A-46BD-A820-710360C87026}.Release|Any CPU.Build.0 = Release|Any CPU
		{E6AAA105-778C-4741-AFA8-4590099F4394}.Debug|Any CPU.ActiveCfg = Debug|Any CPU
		{E6AAA105-778C-4741-AFA8-4590099F4394}.Debug|Any CPU.Build.0 = Debug|Any CPU
		{E6AAA105-778C-4741-AFA8-4590099F4394}.Release|Any CPU.ActiveCfg = Release|Any CPU
		{E6AAA105-778C-4741-AFA8-4590099F4394}.Release|Any CPU.Build.0 = Release|Any CPU
		{16ECB837-3858-496A-AE4F-F82F9057E1CD}.Debug|Any CPU.ActiveCfg = Debug|Any CPU
		{16ECB837-3858-496A-AE4F-F82F9057E1CD}.Debug|Any CPU.Build.0 = Debug|Any CPU
		{16ECB837-3858-496A-AE4F-F82F9057E1CD}.Release|Any CPU.ActiveCfg = Release|Any CPU
		{16ECB837-3858-496A-AE4F-F82F9057E1CD}.Release|Any CPU.Build.0 = Release|Any CPU
		{6959932F-8D6C-474E-96A0-A34E644AEF10}.Debug|Any CPU.ActiveCfg = Debug|Any CPU
		{6959932F-8D6C-474E-96A0-A34E644AEF10}.Debug|Any CPU.Build.0 = Debug|Any CPU
		{6959932F-8D6C-474E-96A0-A34E644AEF10}.Release|Any CPU.ActiveCfg = Release|Any CPU
		{6959932F-8D6C-474E-96A0-A34E644AEF10}.Release|Any CPU.Build.0 = Release|Any CPU
		{25F7B1EA-D276-4710-B280-CB64C6693788}.Debug|Any CPU.ActiveCfg = Debug|Any CPU
		{25F7B1EA-D276-4710-B280-CB64C6693788}.Debug|Any CPU.Build.0 = Debug|Any CPU
		{25F7B1EA-D276-4710-B280-CB64C6693788}.Release|Any CPU.ActiveCfg = Release|Any CPU
		{25F7B1EA-D276-4710-B280-CB64C6693788}.Release|Any CPU.Build.0 = Release|Any CPU
	EndGlobalSection
	GlobalSection(NestedProjects) = preSolution
		{52D92CD4-3FEB-44E4-A223-1ACEADC73BFD} = {CD201811-1769-4A84-88A9-FA48ECDD2B18}
		{1AAF27F1-2BF9-49FE-9566-C7D8873C1D5E} = {CD201811-1769-4A84-88A9-FA48ECDD2B18}
		{8D7CEA63-1E85-4F09-B950-AC1D1D0E8ABC} = {CD201811-1769-4A84-88A9-FA48ECDD2B18}
		{E7A90953-C59A-4E89-A606-5ADFF722AA44} = {CD201811-1769-4A84-88A9-FA48ECDD2B18}
		{57791BB1-7746-48B0-B468-D77205645E6A} = {3DF1F94B-6507-45C4-B23D-5E56F0E3476C}
		{55346966-3BFD-4FCD-BB43-0F0F76C28C01} = {52D92CD4-3FEB-44E4-A223-1ACEADC73BFD}
		{377DF969-8B5A-46BD-A820-710360C87026} = {1AAF27F1-2BF9-49FE-9566-C7D8873C1D5E}
		{E6AAA105-778C-4741-AFA8-4590099F4394} = {8D7CEA63-1E85-4F09-B950-AC1D1D0E8ABC}
		{16ECB837-3858-496A-AE4F-F82F9057E1CD} = {E7A90953-C59A-4E89-A606-5ADFF722AA44}
		{6959932F-8D6C-474E-96A0-A34E644AEF10} = {C5FDE5B0-CA61-4F33-B927-1B9921BE18B2}
	EndGlobalSection
EndGlobal
