
Microsoft Visual Studio Solution File, Format Version 12.00
# Visual Studio Version 17
VisualStudioVersion = 17.0.31903.59
MinimumVisualStudioVersion = 10.0.40219.1
Project("{2150E333-8FDC-42A3-9474-1A3956D46DE8}") = "Bingo", "Bingo", "{20E68862-41B9-4A47-0580-94D986AE06AF}"
EndProject
Project("{FAE04EC0-301F-11D3-BF4B-00C04F79EFBC}") = "Bingo.Shared", "Bingo\Shared\Bingo.Shared.csproj", "{4380B661-C852-4742-BA26-AF7A911CF630}"
EndProject
Project("{FAE04EC0-301F-11D3-BF4B-00C04F79EFBC}") = "Bingo.Client", "Bingo\Client\Bingo.Client.csproj", "{2FEDE035-764D-4AF9-93F7-085E111A6F04}"
EndProject
Project("{FAE04EC0-301F-11D3-BF4B-00C04F79EFBC}") = "Bingo.Server.Api", "Bingo\Server\Api\Bingo.Server.Api.csproj", "{667E8E4A-3E69-4AD0-A415-2B9E205EB677}"
EndProject
Project("{FAE04EC0-301F-11D3-BF4B-00C04F79EFBC}") = "Bingo.Server.Matchmaking", "Bingo\Server\Matchmaking\Bingo.Server.Matchmaking.csproj", "{B5F143D7-67AB-4EA4-BD69-2A9F06597C3D}"
EndProject
Project("{FAE04EC0-301F-11D3-BF4B-00C04F79EFBC}") = "Bingo.Server.Play", "Bingo\Server\Play\Bingo.Server.Play.csproj", "{330B6F19-178A-41E3-A80C-696D3E5AB8C7}"
EndProject
Project("{FAE04EC0-301F-11D3-BF4B-00C04F79EFBC}") = "Bingo.Server.Session", "Bingo\Server\Session\Bingo.Server.Session.csproj", "{0784A8D7-35C8-49F0-AE11-B54D615DC799}"
EndProject
Project("{FAE04EC0-301F-11D3-BF4B-00C04F79EFBC}") = "Bingo", "Bingo\Bingo.csproj", "{9C76B46D-6552-4895-A54B-50F567448E7D}"
EndProject
Project("{2150E333-8FDC-42A3-9474-1A3956D46DE8}") = "DeliveryDispatch", "DeliveryDispatch", "{FC7BB1A5-5EA5-6A26-D873-7D2EF236AF94}"
EndProject
Project("{FAE04EC0-301F-11D3-BF4B-00C04F79EFBC}") = "DeliveryDispatch.Shared", "DeliveryDispatch\Shared\DeliveryDispatch.Shared.csproj", "{4137E6CA-4B15-4BD1-BA5E-8CE6B0B79839}"
EndProject
Project("{FAE04EC0-301F-11D3-BF4B-00C04F79EFBC}") = "DeliveryDispatch.Client", "DeliveryDispatch\Client\DeliveryDispatch.Client.csproj", "{46573CD7-CCFD-41D8-AAAF-A3737ABC4572}"
EndProject
Project("{FAE04EC0-301F-11D3-BF4B-00C04F79EFBC}") = "DeliveryDispatch.Server.Configuration", "DeliveryDispatch\Server\Configuration\DeliveryDispatch.Server.Configuration.csproj", "{FDE4BF09-72F0-4595-BEE6-05C4E2DF4097}"
EndProject
Project("{FAE04EC0-301F-11D3-BF4B-00C04F79EFBC}") = "DeliveryDispatch.Server.Dispatch", "DeliveryDispatch\Server\Dispatch\DeliveryDispatch.Server.Dispatch.csproj", "{29FCAF7B-4177-40B4-A1BC-25028ED08D95}"
EndProject
Project("{FAE04EC0-301F-11D3-BF4B-00C04F79EFBC}") = "DeliveryDispatch.Server.CourierSession", "DeliveryDispatch\Server\CourierSession\DeliveryDispatch.Server.CourierSession.csproj", "{73F5C4EE-09D2-4A24-99B2-E742B389360A}"
EndProject
Project("{FAE04EC0-301F-11D3-BF4B-00C04F79EFBC}") = "DeliveryDispatch.Server.CourierActorNode", "DeliveryDispatch\Server\CourierActorNode\DeliveryDispatch.Server.CourierActorNode.csproj", "{111C582D-9F72-4B95-9C68-BED6F8E3915E}"
EndProject
Project("{FAE04EC0-301F-11D3-BF4B-00C04F79EFBC}") = "DeliveryDispatch.Server.CustomerGateway", "DeliveryDispatch\Server\CustomerGateway\DeliveryDispatch.Server.CustomerGateway.csproj", "{E005B507-4393-4AD5-AA75-4D916E27A5DE}"
EndProject
Project("{FAE04EC0-301F-11D3-BF4B-00C04F79EFBC}") = "DeliveryDispatch.Server.Tracking", "DeliveryDispatch\Server\Tracking\DeliveryDispatch.Server.Tracking.csproj", "{BEF8B3AD-C658-4443-83D1-28C5501D0F28}"
EndProject
Project("{2150E333-8FDC-42A3-9474-1A3956D46DE8}") = "GameQuest", "GameQuest", "{9A4E8ED0-A586-74E3-CAA8-FD520B6CE1A9}"
EndProject
Project("{FAE04EC0-301F-11D3-BF4B-00C04F79EFBC}") = "GameQuest.Client", "GameQuest\Client\GameQuest.Client.csproj", "{D169E806-EC44-4A9D-8800-7E5618BDD727}"
EndProject
Project("{FAE04EC0-301F-11D3-BF4B-00C04F79EFBC}") = "GameQuest", "GameQuest\GameQuest.csproj", "{5E4F5498-0098-46F7-B109-0AE61A32F8AD}"
EndProject
Project("{FAE04EC0-301F-11D3-BF4B-00C04F79EFBC}") = "GameQuest.Server.Configuration", "GameQuest\Server\Configuration\GameQuest.Server.Configuration.csproj", "{665D739C-EDE8-4AB1-89F7-264CBC08D3A8}"
EndProject
Project("{FAE04EC0-301F-11D3-BF4B-00C04F79EFBC}") = "GameQuest.GameApi", "GameQuest\Server\GameApi\GameQuest.GameApi.csproj", "{FF262212-1DE9-4ED3-B622-27A599D3E702}"
EndProject
Project("{FAE04EC0-301F-11D3-BF4B-00C04F79EFBC}") = "GameQuest.QuestMission", "GameQuest\Server\QuestMission\GameQuest.QuestMission.csproj", "{40B1A478-6884-4E7A-8D2E-5832760568AE}"
EndProject
Project("{FAE04EC0-301F-11D3-BF4B-00C04F79EFBC}") = "GameQuest.Shared", "GameQuest\Shared\GameQuest.Shared.csproj", "{024B2F44-0439-4ACB-BF60-5F5DA308E346}"
EndProject
Project("{2150E333-8FDC-42A3-9474-1A3956D46DE8}") = "ShoppingMall", "ShoppingMall", "{6731B0F8-B720-2C85-36FA-7B78B1A08F97}"
EndProject
Project("{FAE04EC0-301F-11D3-BF4B-00C04F79EFBC}") = "ShoppingMall.Client", "ShoppingMall\Client\ShoppingMall.Client.csproj", "{57791BB1-7746-48B0-B468-D77205645E6A}"
EndProject
Project("{FAE04EC0-301F-11D3-BF4B-00C04F79EFBC}") = "ShoppingMall.CommerceApi", "ShoppingMall\Server\CommerceApi\ShoppingMall.CommerceApi.csproj", "{55346966-3BFD-4FCD-BB43-0F0F76C28C01}"
EndProject
Project("{FAE04EC0-301F-11D3-BF4B-00C04F79EFBC}") = "ShoppingMall.Server.Configuration", "ShoppingMall\Server\Configuration\ShoppingMall.Server.Configuration.csproj", "{377DF969-8B5A-46BD-A820-710360C87026}"
EndProject
Project("{FAE04EC0-301F-11D3-BF4B-00C04F79EFBC}") = "ShoppingMall.OrderWorkflow", "ShoppingMall\Server\OrderWorkflow\ShoppingMall.OrderWorkflow.csproj", "{E6AAA105-778C-4741-AFA8-4590099F4394}"
EndProject
Project("{FAE04EC0-301F-11D3-BF4B-00C04F79EFBC}") = "ShoppingMall.Server.Shared", "ShoppingMall\Server\Shared\ShoppingMall.Server.Shared.csproj", "{16ECB837-3858-496A-AE4F-F82F9057E1CD}"
EndProject
Project("{FAE04EC0-301F-11D3-BF4B-00C04F79EFBC}") = "ShoppingMall.Shared", "ShoppingMall\Shared\ShoppingMall.Shared.csproj", "{6959932F-8D6C-474E-96A0-A34E644AEF10}"
EndProject
Project("{FAE04EC0-301F-11D3-BF4B-00C04F79EFBC}") = "ShoppingMall", "ShoppingMall\ShoppingMall.csproj", "{25F7B1EA-D276-4710-B280-CB64C6693788}"
EndProject
Project("{2150E333-8FDC-42A3-9474-1A3956D46DE8}") = "SupportChat", "SupportChat", "{5E76C858-38C4-6724-15B1-020A4F1D7CAB}"
EndProject
Project("{FAE04EC0-301F-11D3-BF4B-00C04F79EFBC}") = "SupportChat.Client", "SupportChat\Client\SupportChat.Client.csproj", "{E7079AAE-A8BE-4075-82CB-AA417270FF01}"
EndProject
Project("{FAE04EC0-301F-11D3-BF4B-00C04F79EFBC}") = "SupportChat.Server.Api", "SupportChat\Server\Api\SupportChat.Server.Api.csproj", "{95DDBCB3-E223-4DE3-BBD4-35E10920A6B7}"
EndProject
Project("{FAE04EC0-301F-11D3-BF4B-00C04F79EFBC}") = "SupportChat.Server.Configuration", "SupportChat\Server\Configuration\SupportChat.Server.Configuration.csproj", "{D64F3802-B39B-44A3-A78B-624E3D409A1F}"
EndProject
Project("{FAE04EC0-301F-11D3-BF4B-00C04F79EFBC}") = "SupportChat.Server.Session", "SupportChat\Server\Session\SupportChat.Server.Session.csproj", "{08D3D630-7132-4D33-8F29-37845C624256}"
EndProject
Project("{FAE04EC0-301F-11D3-BF4B-00C04F79EFBC}") = "SupportChat.Server.Support", "SupportChat\Server\Support\SupportChat.Server.Support.csproj", "{89CFD93B-7B59-412C-92EB-F7EEBF659DBA}"
EndProject
Project("{FAE04EC0-301F-11D3-BF4B-00C04F79EFBC}") = "SupportChat.Shared", "SupportChat\Shared\SupportChat.Shared.csproj", "{D1852CEA-AB3B-4098-B213-1214B26F5303}"
EndProject
Project("{FAE04EC0-301F-11D3-BF4B-00C04F79EFBC}") = "SupportChat", "SupportChat\SupportChat.csproj", "{E4594F0B-A8FC-48E7-9032-609DC4036AF9}"
EndProject
Project("{2150E333-8FDC-42A3-9474-1A3956D46DE8}") = "TicTacToe", "TicTacToe", "{19132832-0017-C3EC-E2BC-92D307E64759}"
EndProject
Project("{FAE04EC0-301F-11D3-BF4B-00C04F79EFBC}") = "TicTacToe.Server.Configuration", "TicTacToe\Server\Configuration\TicTacToe.Server.Configuration.csproj", "{1F580BCE-21FC-406A-B0A6-AD740BD66CCD}"
EndProject
Project("{FAE04EC0-301F-11D3-BF4B-00C04F79EFBC}") = "TicTacToe.Server.Api", "TicTacToe\Server\Api\TicTacToe.Server.Api.csproj", "{A8B547E9-BA23-455B-A57F-4CED24D35899}"
EndProject
Project("{FAE04EC0-301F-11D3-BF4B-00C04F79EFBC}") = "TicTacToe.Server.Play", "TicTacToe\Server\Play\TicTacToe.Server.Play.csproj", "{8C1A6E70-B9D8-47B0-B6CB-C2B1DE17344B}"
EndProject
Project("{FAE04EC0-301F-11D3-BF4B-00C04F79EFBC}") = "TicTacToe.Client", "TicTacToe\Client\TicTacToe.Client.csproj", "{62E12BBE-F4DD-44CC-82B9-78FE711AA516}"
EndProject
Project("{FAE04EC0-301F-11D3-BF4B-00C04F79EFBC}") = "TicTacToe.Shared", "TicTacToe\Shared\TicTacToe.Shared.csproj", "{99DE6F2B-188B-4C97-AD77-79008FD923C2}"
EndProject
Project("{2150E333-8FDC-42A3-9474-1A3956D46DE8}") = "ZoneWorld", "ZoneWorld", "{AE2239DD-76F7-F114-298F-EF0D91ABC766}"
EndProject
Project("{FAE04EC0-301F-11D3-BF4B-00C04F79EFBC}") = "ZoneWorld.Client", "ZoneWorld\Client\ZoneWorld.Client.csproj", "{A0584A04-A5DA-4DF5-8DD6-5A003A9860B2}"
EndProject
Project("{FAE04EC0-301F-11D3-BF4B-00C04F79EFBC}") = "ZoneWorld.Server.Configuration", "ZoneWorld\Server\Configuration\ZoneWorld.Server.Configuration.csproj", "{4F7D5481-FC74-4F96-95F2-74DB77BC996A}"
EndProject
Project("{FAE04EC0-301F-11D3-BF4B-00C04F79EFBC}") = "ZoneWorld.Server.Gateway", "ZoneWorld\Server\Gateway\ZoneWorld.Server.Gateway.csproj", "{F92F8C28-AAB7-43BF-9074-FAA9FFED4137}"
EndProject
Project("{FAE04EC0-301F-11D3-BF4B-00C04F79EFBC}") = "ZoneWorld.Server.Ops", "ZoneWorld\Server\Ops\ZoneWorld.Server.Ops.csproj", "{E2034C3B-C6CE-42A2-85D3-3E3C1478867F}"
EndProject
Project("{FAE04EC0-301F-11D3-BF4B-00C04F79EFBC}") = "ZoneWorld.Server.ZoneNode", "ZoneWorld\Server\ZoneNode\ZoneWorld.Server.ZoneNode.csproj", "{40D031B4-C0D5-47D0-A4FA-1E90D278A1E1}"
EndProject
Project("{FAE04EC0-301F-11D3-BF4B-00C04F79EFBC}") = "ZoneWorld.Shared", "ZoneWorld\Shared\ZoneWorld.Shared.csproj", "{841C8D93-C1E2-4122-A433-CF0669CF6DD1}"
EndProject
Project("{FAE04EC0-301F-11D3-BF4B-00C04F79EFBC}") = "SessionRouteBlockProxy", "ZoneWorld\Support\SessionRouteBlockProxy\SessionRouteBlockProxy.csproj", "{B339D396-B83B-4EAA-9514-4E0A9F07A23B}"
EndProject
Global
	GlobalSection(SolutionConfigurationPlatforms) = preSolution
		Debug|Any CPU = Debug|Any CPU
		Debug|x64 = Debug|x64
		Debug|x86 = Debug|x86
		Release|Any CPU = Release|Any CPU
		Release|x64 = Release|x64
		Release|x86 = Release|x86
	EndGlobalSection
	GlobalSection(ProjectConfigurationPlatforms) = postSolution
		{4380B661-C852-4742-BA26-AF7A911CF630}.Debug|Any CPU.ActiveCfg = Debug|Any CPU
		{4380B661-C852-4742-BA26-AF7A911CF630}.Debug|Any CPU.Build.0 = Debug|Any CPU
		{4380B661-C852-4742-BA26-AF7A911CF630}.Debug|x64.ActiveCfg = Debug|Any CPU
		{4380B661-C852-4742-BA26-AF7A911CF630}.Debug|x64.Build.0 = Debug|Any CPU
		{4380B661-C852-4742-BA26-AF7A911CF630}.Debug|x86.ActiveCfg = Debug|Any CPU
		{4380B661-C852-4742-BA26-AF7A911CF630}.Debug|x86.Build.0 = Debug|Any CPU
		{4380B661-C852-4742-BA26-AF7A911CF630}.Release|Any CPU.ActiveCfg = Release|Any CPU
		{4380B661-C852-4742-BA26-AF7A911CF630}.Release|Any CPU.Build.0 = Release|Any CPU
		{4380B661-C852-4742-BA26-AF7A911CF630}.Release|x64.ActiveCfg = Release|Any CPU
		{4380B661-C852-4742-BA26-AF7A911CF630}.Release|x64.Build.0 = Release|Any CPU
		{4380B661-C852-4742-BA26-AF7A911CF630}.Release|x86.ActiveCfg = Release|Any CPU
		{4380B661-C852-4742-BA26-AF7A911CF630}.Release|x86.Build.0 = Release|Any CPU
		{2FEDE035-764D-4AF9-93F7-085E111A6F04}.Debug|Any CPU.ActiveCfg = Debug|Any CPU
		{2FEDE035-764D-4AF9-93F7-085E111A6F04}.Debug|Any CPU.Build.0 = Debug|Any CPU
		{2FEDE035-764D-4AF9-93F7-085E111A6F04}.Debug|x64.ActiveCfg = Debug|Any CPU
		{2FEDE035-764D-4AF9-93F7-085E111A6F04}.Debug|x64.Build.0 = Debug|Any CPU
		{2FEDE035-764D-4AF9-93F7-085E111A6F04}.Debug|x86.ActiveCfg = Debug|Any CPU
		{2FEDE035-764D-4AF9-93F7-085E111A6F04}.Debug|x86.Build.0 = Debug|Any CPU
		{2FEDE035-764D-4AF9-93F7-085E111A6F04}.Release|Any CPU.ActiveCfg = Release|Any CPU
		{2FEDE035-764D-4AF9-93F7-085E111A6F04}.Release|Any CPU.Build.0 = Release|Any CPU
		{2FEDE035-764D-4AF9-93F7-085E111A6F04}.Release|x64.ActiveCfg = Release|Any CPU
		{2FEDE035-764D-4AF9-93F7-085E111A6F04}.Release|x64.Build.0 = Release|Any CPU
		{2FEDE035-764D-4AF9-93F7-085E111A6F04}.Release|x86.ActiveCfg = Release|Any CPU
		{2FEDE035-764D-4AF9-93F7-085E111A6F04}.Release|x86.Build.0 = Release|Any CPU
		{667E8E4A-3E69-4AD0-A415-2B9E205EB677}.Debug|Any CPU.ActiveCfg = Debug|Any CPU
		{667E8E4A-3E69-4AD0-A415-2B9E205EB677}.Debug|Any CPU.Build.0 = Debug|Any CPU
		{667E8E4A-3E69-4AD0-A415-2B9E205EB677}.Debug|x64.ActiveCfg = Debug|Any CPU
		{667E8E4A-3E69-4AD0-A415-2B9E205EB677}.Debug|x64.Build.0 = Debug|Any CPU
		{667E8E4A-3E69-4AD0-A415-2B9E205EB677}.Debug|x86.ActiveCfg = Debug|Any CPU
		{667E8E4A-3E69-4AD0-A415-2B9E205EB677}.Debug|x86.Build.0 = Debug|Any CPU
		{667E8E4A-3E69-4AD0-A415-2B9E205EB677}.Release|Any CPU.ActiveCfg = Release|Any CPU
		{667E8E4A-3E69-4AD0-A415-2B9E205EB677}.Release|Any CPU.Build.0 = Release|Any CPU
		{667E8E4A-3E69-4AD0-A415-2B9E205EB677}.Release|x64.ActiveCfg = Release|Any CPU
		{667E8E4A-3E69-4AD0-A415-2B9E205EB677}.Release|x64.Build.0 = Release|Any CPU
		{667E8E4A-3E69-4AD0-A415-2B9E205EB677}.Release|x86.ActiveCfg = Release|Any CPU
		{667E8E4A-3E69-4AD0-A415-2B9E205EB677}.Release|x86.Build.0 = Release|Any CPU
		{B5F143D7-67AB-4EA4-BD69-2A9F06597C3D}.Debug|Any CPU.ActiveCfg = Debug|Any CPU
		{B5F143D7-67AB-4EA4-BD69-2A9F06597C3D}.Debug|Any CPU.Build.0 = Debug|Any CPU
		{B5F143D7-67AB-4EA4-BD69-2A9F06597C3D}.Debug|x64.ActiveCfg = Debug|Any CPU
		{B5F143D7-67AB-4EA4-BD69-2A9F06597C3D}.Debug|x64.Build.0 = Debug|Any CPU
		{B5F143D7-67AB-4EA4-BD69-2A9F06597C3D}.Debug|x86.ActiveCfg = Debug|Any CPU
		{B5F143D7-67AB-4EA4-BD69-2A9F06597C3D}.Debug|x86.Build.0 = Debug|Any CPU
		{B5F143D7-67AB-4EA4-BD69-2A9F06597C3D}.Release|Any CPU.ActiveCfg = Release|Any CPU
		{B5F143D7-67AB-4EA4-BD69-2A9F06597C3D}.Release|Any CPU.Build.0 = Release|Any CPU
		{B5F143D7-67AB-4EA4-BD69-2A9F06597C3D}.Release|x64.ActiveCfg = Release|Any CPU
		{B5F143D7-67AB-4EA4-BD69-2A9F06597C3D}.Release|x64.Build.0 = Release|Any CPU
		{B5F143D7-67AB-4EA4-BD69-2A9F06597C3D}.Release|x86.ActiveCfg = Release|Any CPU
		{B5F143D7-67AB-4EA4-BD69-2A9F06597C3D}.Release|x86.Build.0 = Release|Any CPU
		{330B6F19-178A-41E3-A80C-696D3E5AB8C7}.Debug|Any CPU.ActiveCfg = Debug|Any CPU
		{330B6F19-178A-41E3-A80C-696D3E5AB8C7}.Debug|Any CPU.Build.0 = Debug|Any CPU
		{330B6F19-178A-41E3-A80C-696D3E5AB8C7}.Debug|x64.ActiveCfg = Debug|Any CPU
		{330B6F19-178A-41E3-A80C-696D3E5AB8C7}.Debug|x64.Build.0 = Debug|Any CPU
		{330B6F19-178A-41E3-A80C-696D3E5AB8C7}.Debug|x86.ActiveCfg = Debug|Any CPU
		{330B6F19-178A-41E3-A80C-696D3E5AB8C7}.Debug|x86.Build.0 = Debug|Any CPU
		{330B6F19-178A-41E3-A80C-696D3E5AB8C7}.Release|Any CPU.ActiveCfg = Release|Any CPU
		{330B6F19-178A-41E3-A80C-696D3E5AB8C7}.Release|Any CPU.Build.0 = Release|Any CPU
		{330B6F19-178A-41E3-A80C-696D3E5AB8C7}.Release|x64.ActiveCfg = Release|Any CPU
		{330B6F19-178A-41E3-A80C-696D3E5AB8C7}.Release|x64.Build.0 = Release|Any CPU
		{330B6F19-178A-41E3-A80C-696D3E5AB8C7}.Release|x86.ActiveCfg = Release|Any CPU
		{330B6F19-178A-41E3-A80C-696D3E5AB8C7}.Release|x86.Build.0 = Release|Any CPU
		{0784A8D7-35C8-49F0-AE11-B54D615DC799}.Debug|Any CPU.ActiveCfg = Debug|Any CPU
		{0784A8D7-35C8-49F0-AE11-B54D615DC799}.Debug|Any CPU.Build.0 = Debug|Any CPU
		{0784A8D7-35C8-49F0-AE11-B54D615DC799}.Debug|x64.ActiveCfg = Debug|Any CPU
		{0784A8D7-35C8-49F0-AE11-B54D615DC799}.Debug|x64.Build.0 = Debug|Any CPU
		{0784A8D7-35C8-49F0-AE11-B54D615DC799}.Debug|x86.ActiveCfg = Debug|Any CPU
		{0784A8D7-35C8-49F0-AE11-B54D615DC799}.Debug|x86.Build.0 = Debug|Any CPU
		{0784A8D7-35C8-49F0-AE11-B54D615DC799}.Release|Any CPU.ActiveCfg = Release|Any CPU
		{0784A8D7-35C8-49F0-AE11-B54D615DC799}.Release|Any CPU.Build.0 = Release|Any CPU
		{0784A8D7-35C8-49F0-AE11-B54D615DC799}.Release|x64.ActiveCfg = Release|Any CPU
		{0784A8D7-35C8-49F0-AE11-B54D615DC799}.Release|x64.Build.0 = Release|Any CPU
		{0784A8D7-35C8-49F0-AE11-B54D615DC799}.Release|x86.ActiveCfg = Release|Any CPU
		{0784A8D7-35C8-49F0-AE11-B54D615DC799}.Release|x86.Build.0 = Release|Any CPU
		{9C76B46D-6552-4895-A54B-50F567448E7D}.Debug|Any CPU.ActiveCfg = Debug|Any CPU
		{9C76B46D-6552-4895-A54B-50F567448E7D}.Debug|Any CPU.Build.0 = Debug|Any CPU
		{9C76B46D-6552-4895-A54B-50F567448E7D}.Debug|x64.ActiveCfg = Debug|Any CPU
		{9C76B46D-6552-4895-A54B-50F567448E7D}.Debug|x64.Build.0 = Debug|Any CPU
		{9C76B46D-6552-4895-A54B-50F567448E7D}.Debug|x86.ActiveCfg = Debug|Any CPU
		{9C76B46D-6552-4895-A54B-50F567448E7D}.Debug|x86.Build.0 = Debug|Any CPU
		{9C76B46D-6552-4895-A54B-50F567448E7D}.Release|Any CPU.ActiveCfg = Release|Any CPU
		{9C76B46D-6552-4895-A54B-50F567448E7D}.Release|Any CPU.Build.0 = Release|Any CPU
		{9C76B46D-6552-4895-A54B-50F567448E7D}.Release|x64.ActiveCfg = Release|Any CPU
		{9C76B46D-6552-4895-A54B-50F567448E7D}.Release|x64.Build.0 = Release|Any CPU
		{9C76B46D-6552-4895-A54B-50F567448E7D}.Release|x86.ActiveCfg = Release|Any CPU
		{9C76B46D-6552-4895-A54B-50F567448E7D}.Release|x86.Build.0 = Release|Any CPU
		{4137E6CA-4B15-4BD1-BA5E-8CE6B0B79839}.Debug|Any CPU.ActiveCfg = Debug|Any CPU
		{4137E6CA-4B15-4BD1-BA5E-8CE6B0B79839}.Debug|Any CPU.Build.0 = Debug|Any CPU
		{4137E6CA-4B15-4BD1-BA5E-8CE6B0B79839}.Debug|x64.ActiveCfg = Debug|Any CPU
		{4137E6CA-4B15-4BD1-BA5E-8CE6B0B79839}.Debug|x64.Build.0 = Debug|Any CPU
		{4137E6CA-4B15-4BD1-BA5E-8CE6B0B79839}.Debug|x86.ActiveCfg = Debug|Any CPU
		{4137E6CA-4B15-4BD1-BA5E-8CE6B0B79839}.Debug|x86.Build.0 = Debug|Any CPU
		{4137E6CA-4B15-4BD1-BA5E-8CE6B0B79839}.Release|Any CPU.ActiveCfg = Release|Any CPU
		{4137E6CA-4B15-4BD1-BA5E-8CE6B0B79839}.Release|Any CPU.Build.0 = Release|Any CPU
		{4137E6CA-4B15-4BD1-BA5E-8CE6B0B79839}.Release|x64.ActiveCfg = Release|Any CPU
		{4137E6CA-4B15-4BD1-BA5E-8CE6B0B79839}.Release|x64.Build.0 = Release|Any CPU
		{4137E6CA-4B15-4BD1-BA5E-8CE6B0B79839}.Release|x86.ActiveCfg = Release|Any CPU
		{4137E6CA-4B15-4BD1-BA5E-8CE6B0B79839}.Release|x86.Build.0 = Release|Any CPU
		{46573CD7-CCFD-41D8-AAAF-A3737ABC4572}.Debug|Any CPU.ActiveCfg = Debug|Any CPU
		{46573CD7-CCFD-41D8-AAAF-A3737ABC4572}.Debug|Any CPU.Build.0 = Debug|Any CPU
		{46573CD7-CCFD-41D8-AAAF-A3737ABC4572}.Debug|x64.ActiveCfg = Debug|Any CPU
		{46573CD7-CCFD-41D8-AAAF-A3737ABC4572}.Debug|x64.Build.0 = Debug|Any CPU
		{46573CD7-CCFD-41D8-AAAF-A3737ABC4572}.Debug|x86.ActiveCfg = Debug|Any CPU
		{46573CD7-CCFD-41D8-AAAF-A3737ABC4572}.Debug|x86.Build.0 = Debug|Any CPU
		{46573CD7-CCFD-41D8-AAAF-A3737ABC4572}.Release|Any CPU.ActiveCfg = Release|Any CPU
		{46573CD7-CCFD-41D8-AAAF-A3737ABC4572}.Release|Any CPU.Build.0 = Release|Any CPU
		{46573CD7-CCFD-41D8-AAAF-A3737ABC4572}.Release|x64.ActiveCfg = Release|Any CPU
		{46573CD7-CCFD-41D8-AAAF-A3737ABC4572}.Release|x64.Build.0 = Release|Any CPU
		{46573CD7-CCFD-41D8-AAAF-A3737ABC4572}.Release|x86.ActiveCfg = Release|Any CPU
		{46573CD7-CCFD-41D8-AAAF-A3737ABC4572}.Release|x86.Build.0 = Release|Any CPU
		{FDE4BF09-72F0-4595-BEE6-05C4E2DF4097}.Debug|Any CPU.ActiveCfg = Debug|Any CPU
		{FDE4BF09-72F0-4595-BEE6-05C4E2DF4097}.Debug|Any CPU.Build.0 = Debug|Any CPU
		{FDE4BF09-72F0-4595-BEE6-05C4E2DF4097}.Debug|x64.ActiveCfg = Debug|Any CPU
		{FDE4BF09-72F0-4595-BEE6-05C4E2DF4097}.Debug|x64.Build.0 = Debug|Any CPU
		{FDE4BF09-72F0-4595-BEE6-05C4E2DF4097}.Debug|x86.ActiveCfg = Debug|Any CPU
		{FDE4BF09-72F0-4595-BEE6-05C4E2DF4097}.Debug|x86.Build.0 = Debug|Any CPU
		{FDE4BF09-72F0-4595-BEE6-05C4E2DF4097}.Release|Any CPU.ActiveCfg = Release|Any CPU
		{FDE4BF09-72F0-4595-BEE6-05C4E2DF4097}.Release|Any CPU.Build.0 = Release|Any CPU
		{FDE4BF09-72F0-4595-BEE6-05C4E2DF4097}.Release|x64.ActiveCfg = Release|Any CPU
		{FDE4BF09-72F0-4595-BEE6-05C4E2DF4097}.Release|x64.Build.0 = Release|Any CPU
		{FDE4BF09-72F0-4595-BEE6-05C4E2DF4097}.Release|x86.ActiveCfg = Release|Any CPU
		{FDE4BF09-72F0-4595-BEE6-05C4E2DF4097}.Release|x86.Build.0 = Release|Any CPU
		{29FCAF7B-4177-40B4-A1BC-25028ED08D95}.Debug|Any CPU.ActiveCfg = Debug|Any CPU
		{29FCAF7B-4177-40B4-A1BC-25028ED08D95}.Debug|Any CPU.Build.0 = Debug|Any CPU
		{29FCAF7B-4177-40B4-A1BC-25028ED08D95}.Debug|x64.ActiveCfg = Debug|Any CPU
		{29FCAF7B-4177-40B4-A1BC-25028ED08D95}.Debug|x64.Build.0 = Debug|Any CPU
		{29FCAF7B-4177-40B4-A1BC-25028ED08D95}.Debug|x86.ActiveCfg = Debug|Any CPU
		{29FCAF7B-4177-40B4-A1BC-25028ED08D95}.Debug|x86.Build.0 = Debug|Any CPU
		{29FCAF7B-4177-40B4-A1BC-25028ED08D95}.Release|Any CPU.ActiveCfg = Release|Any CPU
		{29FCAF7B-4177-40B4-A1BC-25028ED08D95}.Release|Any CPU.Build.0 = Release|Any CPU
		{29FCAF7B-4177-40B4-A1BC-25028ED08D95}.Release|x64.ActiveCfg = Release|Any CPU
		{29FCAF7B-4177-40B4-A1BC-25028ED08D95}.Release|x64.Build.0 = Release|Any CPU
		{29FCAF7B-4177-40B4-A1BC-25028ED08D95}.Release|x86.ActiveCfg = Release|Any CPU
		{29FCAF7B-4177-40B4-A1BC-25028ED08D95}.Release|x86.Build.0 = Release|Any CPU
		{73F5C4EE-09D2-4A24-99B2-E742B389360A}.Debug|Any CPU.ActiveCfg = Debug|Any CPU
		{73F5C4EE-09D2-4A24-99B2-E742B389360A}.Debug|Any CPU.Build.0 = Debug|Any CPU
		{73F5C4EE-09D2-4A24-99B2-E742B389360A}.Debug|x64.ActiveCfg = Debug|Any CPU
		{73F5C4EE-09D2-4A24-99B2-E742B389360A}.Debug|x64.Build.0 = Debug|Any CPU
		{73F5C4EE-09D2-4A24-99B2-E742B389360A}.Debug|x86.ActiveCfg = Debug|Any CPU
		{73F5C4EE-09D2-4A24-99B2-E742B389360A}.Debug|x86.Build.0 = Debug|Any CPU
		{73F5C4EE-09D2-4A24-99B2-E742B389360A}.Release|Any CPU.ActiveCfg = Release|Any CPU
		{73F5C4EE-09D2-4A24-99B2-E742B389360A}.Release|Any CPU.Build.0 = Release|Any CPU
		{73F5C4EE-09D2-4A24-99B2-E742B389360A}.Release|x64.ActiveCfg = Release|Any CPU
		{73F5C4EE-09D2-4A24-99B2-E742B389360A}.Release|x64.Build.0 = Release|Any CPU
		{73F5C4EE-09D2-4A24-99B2-E742B389360A}.Release|x86.ActiveCfg = Release|Any CPU
		{73F5C4EE-09D2-4A24-99B2-E742B389360A}.Release|x86.Build.0 = Release|Any CPU
		{111C582D-9F72-4B95-9C68-BED6F8E3915E}.Debug|Any CPU.ActiveCfg = Debug|Any CPU
		{111C582D-9F72-4B95-9C68-BED6F8E3915E}.Debug|Any CPU.Build.0 = Debug|Any CPU
		{111C582D-9F72-4B95-9C68-BED6F8E3915E}.Debug|x64.ActiveCfg = Debug|Any CPU
		{111C582D-9F72-4B95-9C68-BED6F8E3915E}.Debug|x64.Build.0 = Debug|Any CPU
		{111C582D-9F72-4B95-9C68-BED6F8E3915E}.Debug|x86.ActiveCfg = Debug|Any CPU
		{111C582D-9F72-4B95-9C68-BED6F8E3915E}.Debug|x86.Build.0 = Debug|Any CPU
		{111C582D-9F72-4B95-9C68-BED6F8E3915E}.Release|Any CPU.ActiveCfg = Release|Any CPU
		{111C582D-9F72-4B95-9C68-BED6F8E3915E}.Release|Any CPU.Build.0 = Release|Any CPU
		{111C582D-9F72-4B95-9C68-BED6F8E3915E}.Release|x64.ActiveCfg = Release|Any CPU
		{111C582D-9F72-4B95-9C68-BED6F8E3915E}.Release|x64.Build.0 = Release|Any CPU
		{111C582D-9F72-4B95-9C68-BED6F8E3915E}.Release|x86.ActiveCfg = Release|Any CPU
		{111C582D-9F72-4B95-9C68-BED6F8E3915E}.Release|x86.Build.0 = Release|Any CPU
		{E005B507-4393-4AD5-AA75-4D916E27A5DE}.Debug|Any CPU.ActiveCfg = Debug|Any CPU
		{E005B507-4393-4AD5-AA75-4D916E27A5DE}.Debug|Any CPU.Build.0 = Debug|Any CPU
		{E005B507-4393-4AD5-AA75-4D916E27A5DE}.Debug|x64.ActiveCfg = Debug|Any CPU
		{E005B507-4393-4AD5-AA75-4D916E27A5DE}.Debug|x64.Build.0 = Debug|Any CPU
		{E005B507-4393-4AD5-AA75-4D916E27A5DE}.Debug|x86.ActiveCfg = Debug|Any CPU
		{E005B507-4393-4AD5-AA75-4D916E27A5DE}.Debug|x86.Build.0 = Debug|Any CPU
		{E005B507-4393-4AD5-AA75-4D916E27A5DE}.Release|Any CPU.ActiveCfg = Release|Any CPU
		{E005B507-4393-4AD5-AA75-4D916E27A5DE}.Release|Any CPU.Build.0 = Release|Any CPU
		{E005B507-4393-4AD5-AA75-4D916E27A5DE}.Release|x64.ActiveCfg = Release|Any CPU
		{E005B507-4393-4AD5-AA75-4D916E27A5DE}.Release|x64.Build.0 = Release|Any CPU
		{E005B507-4393-4AD5-AA75-4D916E27A5DE}.Release|x86.ActiveCfg = Release|Any CPU
		{E005B507-4393-4AD5-AA75-4D916E27A5DE}.Release|x86.Build.0 = Release|Any CPU
		{BEF8B3AD-C658-4443-83D1-28C5501D0F28}.Debug|Any CPU.ActiveCfg = Debug|Any CPU
		{BEF8B3AD-C658-4443-83D1-28C5501D0F28}.Debug|Any CPU.Build.0 = Debug|Any CPU
		{BEF8B3AD-C658-4443-83D1-28C5501D0F28}.Debug|x64.ActiveCfg = Debug|Any CPU
		{BEF8B3AD-C658-4443-83D1-28C5501D0F28}.Debug|x64.Build.0 = Debug|Any CPU
		{BEF8B3AD-C658-4443-83D1-28C5501D0F28}.Debug|x86.ActiveCfg = Debug|Any CPU
		{BEF8B3AD-C658-4443-83D1-28C5501D0F28}.Debug|x86.Build.0 = Debug|Any CPU
		{BEF8B3AD-C658-4443-83D1-28C5501D0F28}.Release|Any CPU.ActiveCfg = Release|Any CPU
		{BEF8B3AD-C658-4443-83D1-28C5501D0F28}.Release|Any CPU.Build.0 = Release|Any CPU
		{BEF8B3AD-C658-4443-83D1-28C5501D0F28}.Release|x64.ActiveCfg = Release|Any CPU
		{BEF8B3AD-C658-4443-83D1-28C5501D0F28}.Release|x64.Build.0 = Release|Any CPU
		{BEF8B3AD-C658-4443-83D1-28C5501D0F28}.Release|x86.ActiveCfg = Release|Any CPU
		{BEF8B3AD-C658-4443-83D1-28C5501D0F28}.Release|x86.Build.0 = Release|Any CPU
		{D169E806-EC44-4A9D-8800-7E5618BDD727}.Debug|Any CPU.ActiveCfg = Debug|Any CPU
		{D169E806-EC44-4A9D-8800-7E5618BDD727}.Debug|Any CPU.Build.0 = Debug|Any CPU
		{D169E806-EC44-4A9D-8800-7E5618BDD727}.Debug|x64.ActiveCfg = Debug|Any CPU
		{D169E806-EC44-4A9D-8800-7E5618BDD727}.Debug|x64.Build.0 = Debug|Any CPU
		{D169E806-EC44-4A9D-8800-7E5618BDD727}.Debug|x86.ActiveCfg = Debug|Any CPU
		{D169E806-EC44-4A9D-8800-7E5618BDD727}.Debug|x86.Build.0 = Debug|Any CPU
		{D169E806-EC44-4A9D-8800-7E5618BDD727}.Release|Any CPU.ActiveCfg = Release|Any CPU
		{D169E806-EC44-4A9D-8800-7E5618BDD727}.Release|Any CPU.Build.0 = Release|Any CPU
		{D169E806-EC44-4A9D-8800-7E5618BDD727}.Release|x64.ActiveCfg = Release|Any CPU
		{D169E806-EC44-4A9D-8800-7E5618BDD727}.Release|x64.Build.0 = Release|Any CPU
		{D169E806-EC44-4A9D-8800-7E5618BDD727}.Release|x86.ActiveCfg = Release|Any CPU
		{D169E806-EC44-4A9D-8800-7E5618BDD727}.Release|x86.Build.0 = Release|Any CPU
		{5E4F5498-0098-46F7-B109-0AE61A32F8AD}.Debug|Any CPU.ActiveCfg = Debug|Any CPU
		{5E4F5498-0098-46F7-B109-0AE61A32F8AD}.Debug|Any CPU.Build.0 = Debug|Any CPU
		{5E4F5498-0098-46F7-B109-0AE61A32F8AD}.Debug|x64.ActiveCfg = Debug|Any CPU
		{5E4F5498-0098-46F7-B109-0AE61A32F8AD}.Debug|x64.Build.0 = Debug|Any CPU
		{5E4F5498-0098-46F7-B109-0AE61A32F8AD}.Debug|x86.ActiveCfg = Debug|Any CPU
		{5E4F5498-0098-46F7-B109-0AE61A32F8AD}.Debug|x86.Build.0 = Debug|Any CPU
		{5E4F5498-0098-46F7-B109-0AE61A32F8AD}.Release|Any CPU.ActiveCfg = Release|Any CPU
		{5E4F5498-0098-46F7-B109-0AE61A32F8AD}.Release|Any CPU.Build.0 = Release|Any CPU
		{5E4F5498-0098-46F7-B109-0AE61A32F8AD}.Release|x64.ActiveCfg = Release|Any CPU
		{5E4F5498-0098-46F7-B109-0AE61A32F8AD}.Release|x64.Build.0 = Release|Any CPU
		{5E4F5498-0098-46F7-B109-0AE61A32F8AD}.Release|x86.ActiveCfg = Release|Any CPU
		{5E4F5498-0098-46F7-B109-0AE61A32F8AD}.Release|x86.Build.0 = Release|Any CPU
		{665D739C-EDE8-4AB1-89F7-264CBC08D3A8}.Debug|Any CPU.ActiveCfg = Debug|Any CPU
		{665D739C-EDE8-4AB1-89F7-264CBC08D3A8}.Debug|Any CPU.Build.0 = Debug|Any CPU
		{665D739C-EDE8-4AB1-89F7-264CBC08D3A8}.Debug|x64.ActiveCfg = Debug|Any CPU
		{665D739C-EDE8-4AB1-89F7-264CBC08D3A8}.Debug|x64.Build.0 = Debug|Any CPU
		{665D739C-EDE8-4AB1-89F7-264CBC08D3A8}.Debug|x86.ActiveCfg = Debug|Any CPU
		{665D739C-EDE8-4AB1-89F7-264CBC08D3A8}.Debug|x86.Build.0 = Debug|Any CPU
		{665D739C-EDE8-4AB1-89F7-264CBC08D3A8}.Release|Any CPU.ActiveCfg = Release|Any CPU
		{665D739C-EDE8-4AB1-89F7-264CBC08D3A8}.Release|Any CPU.Build.0 = Release|Any CPU
		{665D739C-EDE8-4AB1-89F7-264CBC08D3A8}.Release|x64.ActiveCfg = Release|Any CPU
		{665D739C-EDE8-4AB1-89F7-264CBC08D3A8}.Release|x64.Build.0 = Release|Any CPU
		{665D739C-EDE8-4AB1-89F7-264CBC08D3A8}.Release|x86.ActiveCfg = Release|Any CPU
		{665D739C-EDE8-4AB1-89F7-264CBC08D3A8}.Release|x86.Build.0 = Release|Any CPU
		{FF262212-1DE9-4ED3-B622-27A599D3E702}.Debug|Any CPU.ActiveCfg = Debug|Any CPU
		{FF262212-1DE9-4ED3-B622-27A599D3E702}.Debug|Any CPU.Build.0 = Debug|Any CPU
		{FF262212-1DE9-4ED3-B622-27A599D3E702}.Debug|x64.ActiveCfg = Debug|Any CPU
		{FF262212-1DE9-4ED3-B622-27A599D3E702}.Debug|x64.Build.0 = Debug|Any CPU
		{FF262212-1DE9-4ED3-B622-27A599D3E702}.Debug|x86.ActiveCfg = Debug|Any CPU
		{FF262212-1DE9-4ED3-B622-27A599D3E702}.Debug|x86.Build.0 = Debug|Any CPU
		{FF262212-1DE9-4ED3-B622-27A599D3E702}.Release|Any CPU.ActiveCfg = Release|Any CPU
		{FF262212-1DE9-4ED3-B622-27A599D3E702}.Release|Any CPU.Build.0 = Release|Any CPU
		{FF262212-1DE9-4ED3-B622-27A599D3E702}.Release|x64.ActiveCfg = Release|Any CPU
		{FF262212-1DE9-4ED3-B622-27A599D3E702}.Release|x64.Build.0 = Release|Any CPU
		{FF262212-1DE9-4ED3-B622-27A599D3E702}.Release|x86.ActiveCfg = Release|Any CPU
		{FF262212-1DE9-4ED3-B622-27A599D3E702}.Release|x86.Build.0 = Release|Any CPU
		{40B1A478-6884-4E7A-8D2E-5832760568AE}.Debug|Any CPU.ActiveCfg = Debug|Any CPU
		{40B1A478-6884-4E7A-8D2E-5832760568AE}.Debug|Any CPU.Build.0 = Debug|Any CPU
		{40B1A478-6884-4E7A-8D2E-5832760568AE}.Debug|x64.ActiveCfg = Debug|Any CPU
		{40B1A478-6884-4E7A-8D2E-5832760568AE}.Debug|x64.Build.0 = Debug|Any CPU
		{40B1A478-6884-4E7A-8D2E-5832760568AE}.Debug|x86.ActiveCfg = Debug|Any CPU
		{40B1A478-6884-4E7A-8D2E-5832760568AE}.Debug|x86.Build.0 = Debug|Any CPU
		{40B1A478-6884-4E7A-8D2E-5832760568AE}.Release|Any CPU.ActiveCfg = Release|Any CPU
		{40B1A478-6884-4E7A-8D2E-5832760568AE}.Release|Any CPU.Build.0 = Release|Any CPU
		{40B1A478-6884-4E7A-8D2E-5832760568AE}.Release|x64.ActiveCfg = Release|Any CPU
		{40B1A478-6884-4E7A-8D2E-5832760568AE}.Release|x64.Build.0 = Release|Any CPU
		{40B1A478-6884-4E7A-8D2E-5832760568AE}.Release|x86.ActiveCfg = Release|Any CPU
		{40B1A478-6884-4E7A-8D2E-5832760568AE}.Release|x86.Build.0 = Release|Any CPU
		{024B2F44-0439-4ACB-BF60-5F5DA308E346}.Debug|Any CPU.ActiveCfg = Debug|Any CPU
		{024B2F44-0439-4ACB-BF60-5F5DA308E346}.Debug|Any CPU.Build.0 = Debug|Any CPU
		{024B2F44-0439-4ACB-BF60-5F5DA308E346}.Debug|x64.ActiveCfg = Debug|Any CPU
		{024B2F44-0439-4ACB-BF60-5F5DA308E346}.Debug|x64.Build.0 = Debug|Any CPU
		{024B2F44-0439-4ACB-BF60-5F5DA308E346}.Debug|x86.ActiveCfg = Debug|Any CPU
		{024B2F44-0439-4ACB-BF60-5F5DA308E346}.Debug|x86.Build.0 = Debug|Any CPU
		{024B2F44-0439-4ACB-BF60-5F5DA308E346}.Release|Any CPU.ActiveCfg = Release|Any CPU
		{024B2F44-0439-4ACB-BF60-5F5DA308E346}.Release|Any CPU.Build.0 = Release|Any CPU
		{024B2F44-0439-4ACB-BF60-5F5DA308E346}.Release|x64.ActiveCfg = Release|Any CPU
		{024B2F44-0439-4ACB-BF60-5F5DA308E346}.Release|x64.Build.0 = Release|Any CPU
		{024B2F44-0439-4ACB-BF60-5F5DA308E346}.Release|x86.ActiveCfg = Release|Any CPU
		{024B2F44-0439-4ACB-BF60-5F5DA308E346}.Release|x86.Build.0 = Release|Any CPU
		{57791BB1-7746-48B0-B468-D77205645E6A}.Debug|Any CPU.ActiveCfg = Debug|Any CPU
		{57791BB1-7746-48B0-B468-D77205645E6A}.Debug|Any CPU.Build.0 = Debug|Any CPU
		{57791BB1-7746-48B0-B468-D77205645E6A}.Debug|x64.ActiveCfg = Debug|Any CPU
		{57791BB1-7746-48B0-B468-D77205645E6A}.Debug|x64.Build.0 = Debug|Any CPU
		{57791BB1-7746-48B0-B468-D77205645E6A}.Debug|x86.ActiveCfg = Debug|Any CPU
		{57791BB1-7746-48B0-B468-D77205645E6A}.Debug|x86.Build.0 = Debug|Any CPU
		{57791BB1-7746-48B0-B468-D77205645E6A}.Release|Any CPU.ActiveCfg = Release|Any CPU
		{57791BB1-7746-48B0-B468-D77205645E6A}.Release|Any CPU.Build.0 = Release|Any CPU
		{57791BB1-7746-48B0-B468-D77205645E6A}.Release|x64.ActiveCfg = Release|Any CPU
		{57791BB1-7746-48B0-B468-D77205645E6A}.Release|x64.Build.0 = Release|Any CPU
		{57791BB1-7746-48B0-B468-D77205645E6A}.Release|x86.ActiveCfg = Release|Any CPU
		{57791BB1-7746-48B0-B468-D77205645E6A}.Release|x86.Build.0 = Release|Any CPU
		{55346966-3BFD-4FCD-BB43-0F0F76C28C01}.Debug|Any CPU.ActiveCfg = Debug|Any CPU
		{55346966-3BFD-4FCD-BB43-0F0F76C28C01}.Debug|Any CPU.Build.0 = Debug|Any CPU
		{55346966-3BFD-4FCD-BB43-0F0F76C28C01}.Debug|x64.ActiveCfg = Debug|Any CPU
		{55346966-3BFD-4FCD-BB43-0F0F76C28C01}.Debug|x64.Build.0 = Debug|Any CPU
		{55346966-3BFD-4FCD-BB43-0F0F76C28C01}.Debug|x86.ActiveCfg = Debug|Any CPU
		{55346966-3BFD-4FCD-BB43-0F0F76C28C01}.Debug|x86.Build.0 = Debug|Any CPU
		{55346966-3BFD-4FCD-BB43-0F0F76C28C01}.Release|Any CPU.ActiveCfg = Release|Any CPU
		{55346966-3BFD-4FCD-BB43-0F0F76C28C01}.Release|Any CPU.Build.0 = Release|Any CPU
		{55346966-3BFD-4FCD-BB43-0F0F76C28C01}.Release|x64.ActiveCfg = Release|Any CPU
		{55346966-3BFD-4FCD-BB43-0F0F76C28C01}.Release|x64.Build.0 = Release|Any CPU
		{55346966-3BFD-4FCD-BB43-0F0F76C28C01}.Release|x86.ActiveCfg = Release|Any CPU
		{55346966-3BFD-4FCD-BB43-0F0F76C28C01}.Release|x86.Build.0 = Release|Any CPU
		{377DF969-8B5A-46BD-A820-710360C87026}.Debug|Any CPU.ActiveCfg = Debug|Any CPU
		{377DF969-8B5A-46BD-A820-710360C87026}.Debug|Any CPU.Build.0 = Debug|Any CPU
		{377DF969-8B5A-46BD-A820-710360C87026}.Debug|x64.ActiveCfg = Debug|Any CPU
		{377DF969-8B5A-46BD-A820-710360C87026}.Debug|x64.Build.0 = Debug|Any CPU
		{377DF969-8B5A-46BD-A820-710360C87026}.Debug|x86.ActiveCfg = Debug|Any CPU
		{377DF969-8B5A-46BD-A820-710360C87026}.Debug|x86.Build.0 = Debug|Any CPU
		{377DF969-8B5A-46BD-A820-710360C87026}.Release|Any CPU.ActiveCfg = Release|Any CPU
		{377DF969-8B5A-46BD-A820-710360C87026}.Release|Any CPU.Build.0 = Release|Any CPU
		{377DF969-8B5A-46BD-A820-710360C87026}.Release|x64.ActiveCfg = Release|Any CPU
		{377DF969-8B5A-46BD-A820-710360C87026}.Release|x64.Build.0 = Release|Any CPU
		{377DF969-8B5A-46BD-A820-710360C87026}.Release|x86.ActiveCfg = Release|Any CPU
		{377DF969-8B5A-46BD-A820-710360C87026}.Release|x86.Build.0 = Release|Any CPU
		{E6AAA105-778C-4741-AFA8-4590099F4394}.Debug|Any CPU.ActiveCfg = Debug|Any CPU
		{E6AAA105-778C-4741-AFA8-4590099F4394}.Debug|Any CPU.Build.0 = Debug|Any CPU
		{E6AAA105-778C-4741-AFA8-4590099F4394}.Debug|x64.ActiveCfg = Debug|Any CPU
		{E6AAA105-778C-4741-AFA8-4590099F4394}.Debug|x64.Build.0 = Debug|Any CPU
		{E6AAA105-778C-4741-AFA8-4590099F4394}.Debug|x86.ActiveCfg = Debug|Any CPU
		{E6AAA105-778C-4741-AFA8-4590099F4394}.Debug|x86.Build.0 = Debug|Any CPU
		{E6AAA105-778C-4741-AFA8-4590099F4394}.Release|Any CPU.ActiveCfg = Release|Any CPU
		{E6AAA105-778C-4741-AFA8-4590099F4394}.Release|Any CPU.Build.0 = Release|Any CPU
		{E6AAA105-778C-4741-AFA8-4590099F4394}.Release|x64.ActiveCfg = Release|Any CPU
		{E6AAA105-778C-4741-AFA8-4590099F4394}.Release|x64.Build.0 = Release|Any CPU
		{E6AAA105-778C-4741-AFA8-4590099F4394}.Release|x86.ActiveCfg = Release|Any CPU
		{E6AAA105-778C-4741-AFA8-4590099F4394}.Release|x86.Build.0 = Release|Any CPU
		{16ECB837-3858-496A-AE4F-F82F9057E1CD}.Debug|Any CPU.ActiveCfg = Debug|Any CPU
		{16ECB837-3858-496A-AE4F-F82F9057E1CD}.Debug|Any CPU.Build.0 = Debug|Any CPU
		{16ECB837-3858-496A-AE4F-F82F9057E1CD}.Debug|x64.ActiveCfg = Debug|Any CPU
		{16ECB837-3858-496A-AE4F-F82F9057E1CD}.Debug|x64.Build.0 = Debug|Any CPU
		{16ECB837-3858-496A-AE4F-F82F9057E1CD}.Debug|x86.ActiveCfg = Debug|Any CPU
		{16ECB837-3858-496A-AE4F-F82F9057E1CD}.Debug|x86.Build.0 = Debug|Any CPU
		{16ECB837-3858-496A-AE4F-F82F9057E1CD}.Release|Any CPU.ActiveCfg = Release|Any CPU
		{16ECB837-3858-496A-AE4F-F82F9057E1CD}.Release|Any CPU.Build.0 = Release|Any CPU
		{16ECB837-3858-496A-AE4F-F82F9057E1CD}.Release|x64.ActiveCfg = Release|Any CPU
		{16ECB837-3858-496A-AE4F-F82F9057E1CD}.Release|x64.Build.0 = Release|Any CPU
		{16ECB837-3858-496A-AE4F-F82F9057E1CD}.Release|x86.ActiveCfg = Release|Any CPU
		{16ECB837-3858-496A-AE4F-F82F9057E1CD}.Release|x86.Build.0 = Release|Any CPU
		{6959932F-8D6C-474E-96A0-A34E644AEF10}.Debug|Any CPU.ActiveCfg = Debug|Any CPU
		{6959932F-8D6C-474E-96A0-A34E644AEF10}.Debug|Any CPU.Build.0 = Debug|Any CPU
		{6959932F-8D6C-474E-96A0-A34E644AEF10}.Debug|x64.ActiveCfg = Debug|Any CPU
		{6959932F-8D6C-474E-96A0-A34E644AEF10}.Debug|x64.Build.0 = Debug|Any CPU
		{6959932F-8D6C-474E-96A0-A34E644AEF10}.Debug|x86.ActiveCfg = Debug|Any CPU
		{6959932F-8D6C-474E-96A0-A34E644AEF10}.Debug|x86.Build.0 = Debug|Any CPU
		{6959932F-8D6C-474E-96A0-A34E644AEF10}.Release|Any CPU.ActiveCfg = Release|Any CPU
		{6959932F-8D6C-474E-96A0-A34E644AEF10}.Release|Any CPU.Build.0 = Release|Any CPU
		{6959932F-8D6C-474E-96A0-A34E644AEF10}.Release|x64.ActiveCfg = Release|Any CPU
		{6959932F-8D6C-474E-96A0-A34E644AEF10}.Release|x64.Build.0 = Release|Any CPU
		{6959932F-8D6C-474E-96A0-A34E644AEF10}.Release|x86.ActiveCfg = Release|Any CPU
		{6959932F-8D6C-474E-96A0-A34E644AEF10}.Release|x86.Build.0 = Release|Any CPU
		{25F7B1EA-D276-4710-B280-CB64C6693788}.Debug|Any CPU.ActiveCfg = Debug|Any CPU
		{25F7B1EA-D276-4710-B280-CB64C6693788}.Debug|Any CPU.Build.0 = Debug|Any CPU
		{25F7B1EA-D276-4710-B280-CB64C6693788}.Debug|x64.ActiveCfg = Debug|Any CPU
		{25F7B1EA-D276-4710-B280-CB64C6693788}.Debug|x64.Build.0 = Debug|Any CPU
		{25F7B1EA-D276-4710-B280-CB64C6693788}.Debug|x86.ActiveCfg = Debug|Any CPU
		{25F7B1EA-D276-4710-B280-CB64C6693788}.Debug|x86.Build.0 = Debug|Any CPU
		{25F7B1EA-D276-4710-B280-CB64C6693788}.Release|Any CPU.ActiveCfg = Release|Any CPU
		{25F7B1EA-D276-4710-B280-CB64C6693788}.Release|Any CPU.Build.0 = Release|Any CPU
		{25F7B1EA-D276-4710-B280-CB64C6693788}.Release|x64.ActiveCfg = Release|Any CPU
		{25F7B1EA-D276-4710-B280-CB64C6693788}.Release|x64.Build.0 = Release|Any CPU
		{25F7B1EA-D276-4710-B280-CB64C6693788}.Release|x86.ActiveCfg = Release|Any CPU
		{25F7B1EA-D276-4710-B280-CB64C6693788}.Release|x86.Build.0 = Release|Any CPU
		{E7079AAE-A8BE-4075-82CB-AA417270FF01}.Debug|Any CPU.ActiveCfg = Debug|Any CPU
		{E7079AAE-A8BE-4075-82CB-AA417270FF01}.Debug|Any CPU.Build.0 = Debug|Any CPU
		{E7079AAE-A8BE-4075-82CB-AA417270FF01}.Debug|x64.ActiveCfg = Debug|Any CPU
		{E7079AAE-A8BE-4075-82CB-AA417270FF01}.Debug|x64.Build.0 = Debug|Any CPU
		{E7079AAE-A8BE-4075-82CB-AA417270FF01}.Debug|x86.ActiveCfg = Debug|Any CPU
		{E7079AAE-A8BE-4075-82CB-AA417270FF01}.Debug|x86.Build.0 = Debug|Any CPU
		{E7079AAE-A8BE-4075-82CB-AA417270FF01}.Release|Any CPU.ActiveCfg = Release|Any CPU
		{E7079AAE-A8BE-4075-82CB-AA417270FF01}.Release|Any CPU.Build.0 = Release|Any CPU
		{E7079AAE-A8BE-4075-82CB-AA417270FF01}.Release|x64.ActiveCfg = Release|Any CPU
		{E7079AAE-A8BE-4075-82CB-AA417270FF01}.Release|x64.Build.0 = Release|Any CPU
		{E7079AAE-A8BE-4075-82CB-AA417270FF01}.Release|x86.ActiveCfg = Release|Any CPU
		{E7079AAE-A8BE-4075-82CB-AA417270FF01}.Release|x86.Build.0 = Release|Any CPU
		{95DDBCB3-E223-4DE3-BBD4-35E10920A6B7}.Debug|Any CPU.ActiveCfg = Debug|Any CPU
		{95DDBCB3-E223-4DE3-BBD4-35E10920A6B7}.Debug|Any CPU.Build.0 = Debug|Any CPU
		{95DDBCB3-E223-4DE3-BBD4-35E10920A6B7}.Debug|x64.ActiveCfg = Debug|Any CPU
		{95DDBCB3-E223-4DE3-BBD4-35E10920A6B7}.Debug|x64.Build.0 = Debug|Any CPU
		{95DDBCB3-E223-4DE3-BBD4-35E10920A6B7}.Debug|x86.ActiveCfg = Debug|Any CPU
		{95DDBCB3-E223-4DE3-BBD4-35E10920A6B7}.Debug|x86.Build.0 = Debug|Any CPU
		{95DDBCB3-E223-4DE3-BBD4-35E10920A6B7}.Release|Any CPU.ActiveCfg = Release|Any CPU
		{95DDBCB3-E223-4DE3-BBD4-35E10920A6B7}.Release|Any CPU.Build.0 = Release|Any CPU
		{95DDBCB3-E223-4DE3-BBD4-35E10920A6B7}.Release|x64.ActiveCfg = Release|Any CPU
		{95DDBCB3-E223-4DE3-BBD4-35E10920A6B7}.Release|x64.Build.0 = Release|Any CPU
		{95DDBCB3-E223-4DE3-BBD4-35E10920A6B7}.Release|x86.ActiveCfg = Release|Any CPU
		{95DDBCB3-E223-4DE3-BBD4-35E10920A6B7}.Release|x86.Build.0 = Release|Any CPU
		{D64F3802-B39B-44A3-A78B-624E3D409A1F}.Debug|Any CPU.ActiveCfg = Debug|Any CPU
		{D64F3802-B39B-44A3-A78B-624E3D409A1F}.Debug|Any CPU.Build.0 = Debug|Any CPU
		{D64F3802-B39B-44A3-A78B-624E3D409A1F}.Debug|x64.ActiveCfg = Debug|Any CPU
		{D64F3802-B39B-44A3-A78B-624E3D409A1F}.Debug|x64.Build.0 = Debug|Any CPU
		{D64F3802-B39B-44A3-A78B-624E3D409A1F}.Debug|x86.ActiveCfg = Debug|Any CPU
		{D64F3802-B39B-44A3-A78B-624E3D409A1F}.Debug|x86.Build.0 = Debug|Any CPU
		{D64F3802-B39B-44A3-A78B-624E3D409A1F}.Release|Any CPU.ActiveCfg = Release|Any CPU
		{D64F3802-B39B-44A3-A78B-624E3D409A1F}.Release|Any CPU.Build.0 = Release|Any CPU
		{D64F3802-B39B-44A3-A78B-624E3D409A1F}.Release|x64.ActiveCfg = Release|Any CPU
		{D64F3802-B39B-44A3-A78B-624E3D409A1F}.Release|x64.Build.0 = Release|Any CPU
		{D64F3802-B39B-44A3-A78B-624E3D409A1F}.Release|x86.ActiveCfg = Release|Any CPU
		{D64F3802-B39B-44A3-A78B-624E3D409A1F}.Release|x86.Build.0 = Release|Any CPU
		{08D3D630-7132-4D33-8F29-37845C624256}.Debug|Any CPU.ActiveCfg = Debug|Any CPU
		{08D3D630-7132-4D33-8F29-37845C624256}.Debug|Any CPU.Build.0 = Debug|Any CPU
		{08D3D630-7132-4D33-8F29-37845C624256}.Debug|x64.ActiveCfg = Debug|Any CPU
		{08D3D630-7132-4D33-8F29-37845C624256}.Debug|x64.Build.0 = Debug|Any CPU
		{08D3D630-7132-4D33-8F29-37845C624256}.Debug|x86.ActiveCfg = Debug|Any CPU
		{08D3D630-7132-4D33-8F29-37845C624256}.Debug|x86.Build.0 = Debug|Any CPU
		{08D3D630-7132-4D33-8F29-37845C624256}.Release|Any CPU.ActiveCfg = Release|Any CPU
		{08D3D630-7132-4D33-8F29-37845C624256}.Release|Any CPU.Build.0 = Release|Any CPU
		{08D3D630-7132-4D33-8F29-37845C624256}.Release|x64.ActiveCfg = Release|Any CPU
		{08D3D630-7132-4D33-8F29-37845C624256}.Release|x64.Build.0 = Release|Any CPU
		{08D3D630-7132-4D33-8F29-37845C624256}.Release|x86.ActiveCfg = Release|Any CPU
		{08D3D630-7132-4D33-8F29-37845C624256}.Release|x86.Build.0 = Release|Any CPU
		{89CFD93B-7B59-412C-92EB-F7EEBF659DBA}.Debug|Any CPU.ActiveCfg = Debug|Any CPU
		{89CFD93B-7B59-412C-92EB-F7EEBF659DBA}.Debug|Any CPU.Build.0 = Debug|Any CPU
		{89CFD93B-7B59-412C-92EB-F7EEBF659DBA}.Debug|x64.ActiveCfg = Debug|Any CPU
		{89CFD93B-7B59-412C-92EB-F7EEBF659DBA}.Debug|x64.Build.0 = Debug|Any CPU
		{89CFD93B-7B59-412C-92EB-F7EEBF659DBA}.Debug|x86.ActiveCfg = Debug|Any CPU
		{89CFD93B-7B59-412C-92EB-F7EEBF659DBA}.Debug|x86.Build.0 = Debug|Any CPU
		{89CFD93B-7B59-412C-92EB-F7EEBF659DBA}.Release|Any CPU.ActiveCfg = Release|Any CPU
		{89CFD93B-7B59-412C-92EB-F7EEBF659DBA}.Release|Any CPU.Build.0 = Release|Any CPU
		{89CFD93B-7B59-412C-92EB-F7EEBF659DBA}.Release|x64.ActiveCfg = Release|Any CPU
		{89CFD93B-7B59-412C-92EB-F7EEBF659DBA}.Release|x64.Build.0 = Release|Any CPU
		{89CFD93B-7B59-412C-92EB-F7EEBF659DBA}.Release|x86.ActiveCfg = Release|Any CPU
		{89CFD93B-7B59-412C-92EB-F7EEBF659DBA}.Release|x86.Build.0 = Release|Any CPU
		{D1852CEA-AB3B-4098-B213-1214B26F5303}.Debug|Any CPU.ActiveCfg = Debug|Any CPU
		{D1852CEA-AB3B-4098-B213-1214B26F5303}.Debug|Any CPU.Build.0 = Debug|Any CPU
		{D1852CEA-AB3B-4098-B213-1214B26F5303}.Debug|x64.ActiveCfg = Debug|Any CPU
		{D1852CEA-AB3B-4098-B213-1214B26F5303}.Debug|x64.Build.0 = Debug|Any CPU
		{D1852CEA-AB3B-4098-B213-1214B26F5303}.Debug|x86.ActiveCfg = Debug|Any CPU
		{D1852CEA-AB3B-4098-B213-1214B26F5303}.Debug|x86.Build.0 = Debug|Any CPU
		{D1852CEA-AB3B-4098-B213-1214B26F5303}.Release|Any CPU.ActiveCfg = Release|Any CPU
		{D1852CEA-AB3B-4098-B213-1214B26F5303}.Release|Any CPU.Build.0 = Release|Any CPU
		{D1852CEA-AB3B-4098-B213-1214B26F5303}.Release|x64.ActiveCfg = Release|Any CPU
		{D1852CEA-AB3B-4098-B213-1214B26F5303}.Release|x64.Build.0 = Release|Any CPU
		{D1852CEA-AB3B-4098-B213-1214B26F5303}.Release|x86.ActiveCfg = Release|Any CPU
		{D1852CEA-AB3B-4098-B213-1214B26F5303}.Release|x86.Build.0 = Release|Any CPU
		{E4594F0B-A8FC-48E7-9032-609DC4036AF9}.Debug|Any CPU.ActiveCfg = Debug|Any CPU
		{E4594F0B-A8FC-48E7-9032-609DC4036AF9}.Debug|Any CPU.Build.0 = Debug|Any CPU
		{E4594F0B-A8FC-48E7-9032-609DC4036AF9}.Debug|x64.ActiveCfg = Debug|Any CPU
		{E4594F0B-A8FC-48E7-9032-609DC4036AF9}.Debug|x64.Build.0 = Debug|Any CPU
		{E4594F0B-A8FC-48E7-9032-609DC4036AF9}.Debug|x86.ActiveCfg = Debug|Any CPU
		{E4594F0B-A8FC-48E7-9032-609DC4036AF9}.Debug|x86.Build.0 = Debug|Any CPU
		{E4594F0B-A8FC-48E7-9032-609DC4036AF9}.Release|Any CPU.ActiveCfg = Release|Any CPU
		{E4594F0B-A8FC-48E7-9032-609DC4036AF9}.Release|Any CPU.Build.0 = Release|Any CPU
		{E4594F0B-A8FC-48E7-9032-609DC4036AF9}.Release|x64.ActiveCfg = Release|Any CPU
		{E4594F0B-A8FC-48E7-9032-609DC4036AF9}.Release|x64.Build.0 = Release|Any CPU
		{E4594F0B-A8FC-48E7-9032-609DC4036AF9}.Release|x86.ActiveCfg = Release|Any CPU
		{E4594F0B-A8FC-48E7-9032-609DC4036AF9}.Release|x86.Build.0 = Release|Any CPU
		{1F580BCE-21FC-406A-B0A6-AD740BD66CCD}.Debug|Any CPU.ActiveCfg = Debug|Any CPU
		{1F580BCE-21FC-406A-B0A6-AD740BD66CCD}.Debug|Any CPU.Build.0 = Debug|Any CPU
		{1F580BCE-21FC-406A-B0A6-AD740BD66CCD}.Debug|x64.ActiveCfg = Debug|Any CPU
		{1F580BCE-21FC-406A-B0A6-AD740BD66CCD}.Debug|x64.Build.0 = Debug|Any CPU
		{1F580BCE-21FC-406A-B0A6-AD740BD66CCD}.Debug|x86.ActiveCfg = Debug|Any CPU
		{1F580BCE-21FC-406A-B0A6-AD740BD66CCD}.Debug|x86.Build.0 = Debug|Any CPU
		{1F580BCE-21FC-406A-B0A6-AD740BD66CCD}.Release|Any CPU.ActiveCfg = Release|Any CPU
		{1F580BCE-21FC-406A-B0A6-AD740BD66CCD}.Release|Any CPU.Build.0 = Release|Any CPU
		{1F580BCE-21FC-406A-B0A6-AD740BD66CCD}.Release|x64.ActiveCfg = Release|Any CPU
		{1F580BCE-21FC-406A-B0A6-AD740BD66CCD}.Release|x64.Build.0 = Release|Any CPU
		{1F580BCE-21FC-406A-B0A6-AD740BD66CCD}.Release|x86.ActiveCfg = Release|Any CPU
		{1F580BCE-21FC-406A-B0A6-AD740BD66CCD}.Release|x86.Build.0 = Release|Any CPU
		{A8B547E9-BA23-455B-A57F-4CED24D35899}.Debug|Any CPU.ActiveCfg = Debug|Any CPU
		{A8B547E9-BA23-455B-A57F-4CED24D35899}.Debug|Any CPU.Build.0 = Debug|Any CPU
		{A8B547E9-BA23-455B-A57F-4CED24D35899}.Debug|x64.ActiveCfg = Debug|Any CPU
		{A8B547E9-BA23-455B-A57F-4CED24D35899}.Debug|x64.Build.0 = Debug|Any CPU
		{A8B547E9-BA23-455B-A57F-4CED24D35899}.Debug|x86.ActiveCfg = Debug|Any CPU
		{A8B547E9-BA23-455B-A57F-4CED24D35899}.Debug|x86.Build.0 = Debug|Any CPU
		{A8B547E9-BA23-455B-A57F-4CED24D35899}.Release|Any CPU.ActiveCfg = Release|Any CPU
		{A8B547E9-BA23-455B-A57F-4CED24D35899}.Release|Any CPU.Build.0 = Release|Any CPU
		{A8B547E9-BA23-455B-A57F-4CED24D35899}.Release|x64.ActiveCfg = Release|Any CPU
		{A8B547E9-BA23-455B-A57F-4CED24D35899}.Release|x64.Build.0 = Release|Any CPU
		{A8B547E9-BA23-455B-A57F-4CED24D35899}.Release|x86.ActiveCfg = Release|Any CPU
		{A8B547E9-BA23-455B-A57F-4CED24D35899}.Release|x86.Build.0 = Release|Any CPU
		{8C1A6E70-B9D8-47B0-B6CB-C2B1DE17344B}.Debug|Any CPU.ActiveCfg = Debug|Any CPU
		{8C1A6E70-B9D8-47B0-B6CB-C2B1DE17344B}.Debug|Any CPU.Build.0 = Debug|Any CPU
		{8C1A6E70-B9D8-47B0-B6CB-C2B1DE17344B}.Debug|x64.ActiveCfg = Debug|Any CPU
		{8C1A6E70-B9D8-47B0-B6CB-C2B1DE17344B}.Debug|x64.Build.0 = Debug|Any CPU
		{8C1A6E70-B9D8-47B0-B6CB-C2B1DE17344B}.Debug|x86.ActiveCfg = Debug|Any CPU
		{8C1A6E70-B9D8-47B0-B6CB-C2B1DE17344B}.Debug|x86.Build.0 = Debug|Any CPU
		{8C1A6E70-B9D8-47B0-B6CB-C2B1DE17344B}.Release|Any CPU.ActiveCfg = Release|Any CPU
		{8C1A6E70-B9D8-47B0-B6CB-C2B1DE17344B}.Release|Any CPU.Build.0 = Release|Any CPU
		{8C1A6E70-B9D8-47B0-B6CB-C2B1DE17344B}.Release|x64.ActiveCfg = Release|Any CPU
		{8C1A6E70-B9D8-47B0-B6CB-C2B1DE17344B}.Release|x64.Build.0 = Release|Any CPU
		{8C1A6E70-B9D8-47B0-B6CB-C2B1DE17344B}.Release|x86.ActiveCfg = Release|Any CPU
		{8C1A6E70-B9D8-47B0-B6CB-C2B1DE17344B}.Release|x86.Build.0 = Release|Any CPU
		{62E12BBE-F4DD-44CC-82B9-78FE711AA516}.Debug|Any CPU.ActiveCfg = Debug|Any CPU
		{62E12BBE-F4DD-44CC-82B9-78FE711AA516}.Debug|Any CPU.Build.0 = Debug|Any CPU
		{62E12BBE-F4DD-44CC-82B9-78FE711AA516}.Debug|x64.ActiveCfg = Debug|Any CPU
		{62E12BBE-F4DD-44CC-82B9-78FE711AA516}.Debug|x64.Build.0 = Debug|Any CPU
		{62E12BBE-F4DD-44CC-82B9-78FE711AA516}.Debug|x86.ActiveCfg = Debug|Any CPU
		{62E12BBE-F4DD-44CC-82B9-78FE711AA516}.Debug|x86.Build.0 = Debug|Any CPU
		{62E12BBE-F4DD-44CC-82B9-78FE711AA516}.Release|Any CPU.ActiveCfg = Release|Any CPU
		{62E12BBE-F4DD-44CC-82B9-78FE711AA516}.Release|Any CPU.Build.0 = Release|Any CPU
		{62E12BBE-F4DD-44CC-82B9-78FE711AA516}.Release|x64.ActiveCfg = Release|Any CPU
		{62E12BBE-F4DD-44CC-82B9-78FE711AA516}.Release|x64.Build.0 = Release|Any CPU
		{62E12BBE-F4DD-44CC-82B9-78FE711AA516}.Release|x86.ActiveCfg = Release|Any CPU
		{62E12BBE-F4DD-44CC-82B9-78FE711AA516}.Release|x86.Build.0 = Release|Any CPU
		{99DE6F2B-188B-4C97-AD77-79008FD923C2}.Debug|Any CPU.ActiveCfg = Debug|Any CPU
		{99DE6F2B-188B-4C97-AD77-79008FD923C2}.Debug|Any CPU.Build.0 = Debug|Any CPU
		{99DE6F2B-188B-4C97-AD77-79008FD923C2}.Debug|x64.ActiveCfg = Debug|Any CPU
		{99DE6F2B-188B-4C97-AD77-79008FD923C2}.Debug|x64.Build.0 = Debug|Any CPU
		{99DE6F2B-188B-4C97-AD77-79008FD923C2}.Debug|x86.ActiveCfg = Debug|Any CPU
		{99DE6F2B-188B-4C97-AD77-79008FD923C2}.Debug|x86.Build.0 = Debug|Any CPU
		{99DE6F2B-188B-4C97-AD77-79008FD923C2}.Release|Any CPU.ActiveCfg = Release|Any CPU
		{99DE6F2B-188B-4C97-AD77-79008FD923C2}.Release|Any CPU.Build.0 = Release|Any CPU
		{99DE6F2B-188B-4C97-AD77-79008FD923C2}.Release|x64.ActiveCfg = Release|Any CPU
		{99DE6F2B-188B-4C97-AD77-79008FD923C2}.Release|x64.Build.0 = Release|Any CPU
		{99DE6F2B-188B-4C97-AD77-79008FD923C2}.Release|x86.ActiveCfg = Release|Any CPU
		{99DE6F2B-188B-4C97-AD77-79008FD923C2}.Release|x86.Build.0 = Release|Any CPU
		{A0584A04-A5DA-4DF5-8DD6-5A003A9860B2}.Debug|Any CPU.ActiveCfg = Debug|Any CPU
		{A0584A04-A5DA-4DF5-8DD6-5A003A9860B2}.Debug|Any CPU.Build.0 = Debug|Any CPU
		{A0584A04-A5DA-4DF5-8DD6-5A003A9860B2}.Debug|x64.ActiveCfg = Debug|Any CPU
		{A0584A04-A5DA-4DF5-8DD6-5A003A9860B2}.Debug|x64.Build.0 = Debug|Any CPU
		{A0584A04-A5DA-4DF5-8DD6-5A003A9860B2}.Debug|x86.ActiveCfg = Debug|Any CPU
		{A0584A04-A5DA-4DF5-8DD6-5A003A9860B2}.Debug|x86.Build.0 = Debug|Any CPU
		{A0584A04-A5DA-4DF5-8DD6-5A003A9860B2}.Release|Any CPU.ActiveCfg = Release|Any CPU
		{A0584A04-A5DA-4DF5-8DD6-5A003A9860B2}.Release|Any CPU.Build.0 = Release|Any CPU
		{A0584A04-A5DA-4DF5-8DD6-5A003A9860B2}.Release|x64.ActiveCfg = Release|Any CPU
		{A0584A04-A5DA-4DF5-8DD6-5A003A9860B2}.Release|x64.Build.0 = Release|Any CPU
		{A0584A04-A5DA-4DF5-8DD6-5A003A9860B2}.Release|x86.ActiveCfg = Release|Any CPU
		{A0584A04-A5DA-4DF5-8DD6-5A003A9860B2}.Release|x86.Build.0 = Release|Any CPU
		{4F7D5481-FC74-4F96-95F2-74DB77BC996A}.Debug|Any CPU.ActiveCfg = Debug|Any CPU
		{4F7D5481-FC74-4F96-95F2-74DB77BC996A}.Debug|Any CPU.Build.0 = Debug|Any CPU
		{4F7D5481-FC74-4F96-95F2-74DB77BC996A}.Debug|x64.ActiveCfg = Debug|Any CPU
		{4F7D5481-FC74-4F96-95F2-74DB77BC996A}.Debug|x64.Build.0 = Debug|Any CPU
		{4F7D5481-FC74-4F96-95F2-74DB77BC996A}.Debug|x86.ActiveCfg = Debug|Any CPU
		{4F7D5481-FC74-4F96-95F2-74DB77BC996A}.Debug|x86.Build.0 = Debug|Any CPU
		{4F7D5481-FC74-4F96-95F2-74DB77BC996A}.Release|Any CPU.ActiveCfg = Release|Any CPU
		{4F7D5481-FC74-4F96-95F2-74DB77BC996A}.Release|Any CPU.Build.0 = Release|Any CPU
		{4F7D5481-FC74-4F96-95F2-74DB77BC996A}.Release|x64.ActiveCfg = Release|Any CPU
		{4F7D5481-FC74-4F96-95F2-74DB77BC996A}.Release|x64.Build.0 = Release|Any CPU
		{4F7D5481-FC74-4F96-95F2-74DB77BC996A}.Release|x86.ActiveCfg = Release|Any CPU
		{4F7D5481-FC74-4F96-95F2-74DB77BC996A}.Release|x86.Build.0 = Release|Any CPU
		{F92F8C28-AAB7-43BF-9074-FAA9FFED4137}.Debug|Any CPU.ActiveCfg = Debug|Any CPU
		{F92F8C28-AAB7-43BF-9074-FAA9FFED4137}.Debug|Any CPU.Build.0 = Debug|Any CPU
		{F92F8C28-AAB7-43BF-9074-FAA9FFED4137}.Debug|x64.ActiveCfg = Debug|Any CPU
		{F92F8C28-AAB7-43BF-9074-FAA9FFED4137}.Debug|x64.Build.0 = Debug|Any CPU
		{F92F8C28-AAB7-43BF-9074-FAA9FFED4137}.Debug|x86.ActiveCfg = Debug|Any CPU
		{F92F8C28-AAB7-43BF-9074-FAA9FFED4137}.Debug|x86.Build.0 = Debug|Any CPU
		{F92F8C28-AAB7-43BF-9074-FAA9FFED4137}.Release|Any CPU.ActiveCfg = Release|Any CPU
		{F92F8C28-AAB7-43BF-9074-FAA9FFED4137}.Release|Any CPU.Build.0 = Release|Any CPU
		{F92F8C28-AAB7-43BF-9074-FAA9FFED4137}.Release|x64.ActiveCfg = Release|Any CPU
		{F92F8C28-AAB7-43BF-9074-FAA9FFED4137}.Release|x64.Build.0 = Release|Any CPU
		{F92F8C28-AAB7-43BF-9074-FAA9FFED4137}.Release|x86.ActiveCfg = Release|Any CPU
		{F92F8C28-AAB7-43BF-9074-FAA9FFED4137}.Release|x86.Build.0 = Release|Any CPU
		{E2034C3B-C6CE-42A2-85D3-3E3C1478867F}.Debug|Any CPU.ActiveCfg = Debug|Any CPU
		{E2034C3B-C6CE-42A2-85D3-3E3C1478867F}.Debug|Any CPU.Build.0 = Debug|Any CPU
		{E2034C3B-C6CE-42A2-85D3-3E3C1478867F}.Debug|x64.ActiveCfg = Debug|Any CPU
		{E2034C3B-C6CE-42A2-85D3-3E3C1478867F}.Debug|x64.Build.0 = Debug|Any CPU
		{E2034C3B-C6CE-42A2-85D3-3E3C1478867F}.Debug|x86.ActiveCfg = Debug|Any CPU
		{E2034C3B-C6CE-42A2-85D3-3E3C1478867F}.Debug|x86.Build.0 = Debug|Any CPU
		{E2034C3B-C6CE-42A2-85D3-3E3C1478867F}.Release|Any CPU.ActiveCfg = Release|Any CPU
		{E2034C3B-C6CE-42A2-85D3-3E3C1478867F}.Release|Any CPU.Build.0 = Release|Any CPU
		{E2034C3B-C6CE-42A2-85D3-3E3C1478867F}.Release|x64.ActiveCfg = Release|Any CPU
		{E2034C3B-C6CE-42A2-85D3-3E3C1478867F}.Release|x64.Build.0 = Release|Any CPU
		{E2034C3B-C6CE-42A2-85D3-3E3C1478867F}.Release|x86.ActiveCfg = Release|Any CPU
		{E2034C3B-C6CE-42A2-85D3-3E3C1478867F}.Release|x86.Build.0 = Release|Any CPU
		{40D031B4-C0D5-47D0-A4FA-1E90D278A1E1}.Debug|Any CPU.ActiveCfg = Debug|Any CPU
		{40D031B4-C0D5-47D0-A4FA-1E90D278A1E1}.Debug|Any CPU.Build.0 = Debug|Any CPU
		{40D031B4-C0D5-47D0-A4FA-1E90D278A1E1}.Debug|x64.ActiveCfg = Debug|Any CPU
		{40D031B4-C0D5-47D0-A4FA-1E90D278A1E1}.Debug|x64.Build.0 = Debug|Any CPU
		{40D031B4-C0D5-47D0-A4FA-1E90D278A1E1}.Debug|x86.ActiveCfg = Debug|Any CPU
		{40D031B4-C0D5-47D0-A4FA-1E90D278A1E1}.Debug|x86.Build.0 = Debug|Any CPU
		{40D031B4-C0D5-47D0-A4FA-1E90D278A1E1}.Release|Any CPU.ActiveCfg = Release|Any CPU
		{40D031B4-C0D5-47D0-A4FA-1E90D278A1E1}.Release|Any CPU.Build.0 = Release|Any CPU
		{40D031B4-C0D5-47D0-A4FA-1E90D278A1E1}.Release|x64.ActiveCfg = Release|Any CPU
		{40D031B4-C0D5-47D0-A4FA-1E90D278A1E1}.Release|x64.Build.0 = Release|Any CPU
		{40D031B4-C0D5-47D0-A4FA-1E90D278A1E1}.Release|x86.ActiveCfg = Release|Any CPU
		{40D031B4-C0D5-47D0-A4FA-1E90D278A1E1}.Release|x86.Build.0 = Release|Any CPU
		{841C8D93-C1E2-4122-A433-CF0669CF6DD1}.Debug|Any CPU.ActiveCfg = Debug|Any CPU
		{841C8D93-C1E2-4122-A433-CF0669CF6DD1}.Debug|Any CPU.Build.0 = Debug|Any CPU
		{841C8D93-C1E2-4122-A433-CF0669CF6DD1}.Debug|x64.ActiveCfg = Debug|Any CPU
		{841C8D93-C1E2-4122-A433-CF0669CF6DD1}.Debug|x64.Build.0 = Debug|Any CPU
		{841C8D93-C1E2-4122-A433-CF0669CF6DD1}.Debug|x86.ActiveCfg = Debug|Any CPU
		{841C8D93-C1E2-4122-A433-CF0669CF6DD1}.Debug|x86.Build.0 = Debug|Any CPU
		{841C8D93-C1E2-4122-A433-CF0669CF6DD1}.Release|Any CPU.ActiveCfg = Release|Any CPU
		{841C8D93-C1E2-4122-A433-CF0669CF6DD1}.Release|Any CPU.Build.0 = Release|Any CPU
		{841C8D93-C1E2-4122-A433-CF0669CF6DD1}.Release|x64.ActiveCfg = Release|Any CPU
		{841C8D93-C1E2-4122-A433-CF0669CF6DD1}.Release|x64.Build.0 = Release|Any CPU
		{841C8D93-C1E2-4122-A433-CF0669CF6DD1}.Release|x86.ActiveCfg = Release|Any CPU
		{841C8D93-C1E2-4122-A433-CF0669CF6DD1}.Release|x86.Build.0 = Release|Any CPU
		{B339D396-B83B-4EAA-9514-4E0A9F07A23B}.Debug|Any CPU.ActiveCfg = Debug|Any CPU
		{B339D396-B83B-4EAA-9514-4E0A9F07A23B}.Debug|Any CPU.Build.0 = Debug|Any CPU
		{B339D396-B83B-4EAA-9514-4E0A9F07A23B}.Debug|x64.ActiveCfg = Debug|Any CPU
		{B339D396-B83B-4EAA-9514-4E0A9F07A23B}.Debug|x64.Build.0 = Debug|Any CPU
		{B339D396-B83B-4EAA-9514-4E0A9F07A23B}.Debug|x86.ActiveCfg = Debug|Any CPU
		{B339D396-B83B-4EAA-9514-4E0A9F07A23B}.Debug|x86.Build.0 = Debug|Any CPU
		{B339D396-B83B-4EAA-9514-4E0A9F07A23B}.Release|Any CPU.ActiveCfg = Release|Any CPU
		{B339D396-B83B-4EAA-9514-4E0A9F07A23B}.Release|Any CPU.Build.0 = Release|Any CPU
		{B339D396-B83B-4EAA-9514-4E0A9F07A23B}.Release|x64.ActiveCfg = Release|Any CPU
		{B339D396-B83B-4EAA-9514-4E0A9F07A23B}.Release|x64.Build.0 = Release|Any CPU
		{B339D396-B83B-4EAA-9514-4E0A9F07A23B}.Release|x86.ActiveCfg = Release|Any CPU
		{B339D396-B83B-4EAA-9514-4E0A9F07A23B}.Release|x86.Build.0 = Release|Any CPU
	EndGlobalSection
	GlobalSection(SolutionProperties) = preSolution
		HideSolutionNode = FALSE
	EndGlobalSection
	GlobalSection(NestedProjects) = preSolution
		{4380B661-C852-4742-BA26-AF7A911CF630} = {20E68862-41B9-4A47-0580-94D986AE06AF}
		{2FEDE035-764D-4AF9-93F7-085E111A6F04} = {20E68862-41B9-4A47-0580-94D986AE06AF}
		{667E8E4A-3E69-4AD0-A415-2B9E205EB677} = {20E68862-41B9-4A47-0580-94D986AE06AF}
		{B5F143D7-67AB-4EA4-BD69-2A9F06597C3D} = {20E68862-41B9-4A47-0580-94D986AE06AF}
		{330B6F19-178A-41E3-A80C-696D3E5AB8C7} = {20E68862-41B9-4A47-0580-94D986AE06AF}
		{0784A8D7-35C8-49F0-AE11-B54D615DC799} = {20E68862-41B9-4A47-0580-94D986AE06AF}
		{9C76B46D-6552-4895-A54B-50F567448E7D} = {20E68862-41B9-4A47-0580-94D986AE06AF}
		{4137E6CA-4B15-4BD1-BA5E-8CE6B0B79839} = {FC7BB1A5-5EA5-6A26-D873-7D2EF236AF94}
		{46573CD7-CCFD-41D8-AAAF-A3737ABC4572} = {FC7BB1A5-5EA5-6A26-D873-7D2EF236AF94}
		{FDE4BF09-72F0-4595-BEE6-05C4E2DF4097} = {FC7BB1A5-5EA5-6A26-D873-7D2EF236AF94}
		{29FCAF7B-4177-40B4-A1BC-25028ED08D95} = {FC7BB1A5-5EA5-6A26-D873-7D2EF236AF94}
		{73F5C4EE-09D2-4A24-99B2-E742B389360A} = {FC7BB1A5-5EA5-6A26-D873-7D2EF236AF94}
		{111C582D-9F72-4B95-9C68-BED6F8E3915E} = {FC7BB1A5-5EA5-6A26-D873-7D2EF236AF94}
		{E005B507-4393-4AD5-AA75-4D916E27A5DE} = {FC7BB1A5-5EA5-6A26-D873-7D2EF236AF94}
		{BEF8B3AD-C658-4443-83D1-28C5501D0F28} = {FC7BB1A5-5EA5-6A26-D873-7D2EF236AF94}
		{D169E806-EC44-4A9D-8800-7E5618BDD727} = {9A4E8ED0-A586-74E3-CAA8-FD520B6CE1A9}
		{5E4F5498-0098-46F7-B109-0AE61A32F8AD} = {9A4E8ED0-A586-74E3-CAA8-FD520B6CE1A9}
		{665D739C-EDE8-4AB1-89F7-264CBC08D3A8} = {9A4E8ED0-A586-74E3-CAA8-FD520B6CE1A9}
		{FF262212-1DE9-4ED3-B622-27A599D3E702} = {9A4E8ED0-A586-74E3-CAA8-FD520B6CE1A9}
		{40B1A478-6884-4E7A-8D2E-5832760568AE} = {9A4E8ED0-A586-74E3-CAA8-FD520B6CE1A9}
		{024B2F44-0439-4ACB-BF60-5F5DA308E346} = {9A4E8ED0-A586-74E3-CAA8-FD520B6CE1A9}
		{57791BB1-7746-48B0-B468-D77205645E6A} = {6731B0F8-B720-2C85-36FA-7B78B1A08F97}
		{55346966-3BFD-4FCD-BB43-0F0F76C28C01} = {6731B0F8-B720-2C85-36FA-7B78B1A08F97}
		{377DF969-8B5A-46BD-A820-710360C87026} = {6731B0F8-B720-2C85-36FA-7B78B1A08F97}
		{E6AAA105-778C-4741-AFA8-4590099F4394} = {6731B0F8-B720-2C85-36FA-7B78B1A08F97}
		{16ECB837-3858-496A-AE4F-F82F9057E1CD} = {6731B0F8-B720-2C85-36FA-7B78B1A08F97}
		{6959932F-8D6C-474E-96A0-A34E644AEF10} = {6731B0F8-B720-2C85-36FA-7B78B1A08F97}
		{25F7B1EA-D276-4710-B280-CB64C6693788} = {6731B0F8-B720-2C85-36FA-7B78B1A08F97}
		{E7079AAE-A8BE-4075-82CB-AA417270FF01} = {5E76C858-38C4-6724-15B1-020A4F1D7CAB}
		{95DDBCB3-E223-4DE3-BBD4-35E10920A6B7} = {5E76C858-38C4-6724-15B1-020A4F1D7CAB}
		{D64F3802-B39B-44A3-A78B-624E3D409A1F} = {5E76C858-38C4-6724-15B1-020A4F1D7CAB}
		{08D3D630-7132-4D33-8F29-37845C624256} = {5E76C858-38C4-6724-15B1-020A4F1D7CAB}
		{89CFD93B-7B59-412C-92EB-F7EEBF659DBA} = {5E76C858-38C4-6724-15B1-020A4F1D7CAB}
		{D1852CEA-AB3B-4098-B213-1214B26F5303} = {5E76C858-38C4-6724-15B1-020A4F1D7CAB}
		{E4594F0B-A8FC-48E7-9032-609DC4036AF9} = {5E76C858-38C4-6724-15B1-020A4F1D7CAB}
		{1F580BCE-21FC-406A-B0A6-AD740BD66CCD} = {19132832-0017-C3EC-E2BC-92D307E64759}
		{A8B547E9-BA23-455B-A57F-4CED24D35899} = {19132832-0017-C3EC-E2BC-92D307E64759}
		{8C1A6E70-B9D8-47B0-B6CB-C2B1DE17344B} = {19132832-0017-C3EC-E2BC-92D307E64759}
		{62E12BBE-F4DD-44CC-82B9-78FE711AA516} = {19132832-0017-C3EC-E2BC-92D307E64759}
		{99DE6F2B-188B-4C97-AD77-79008FD923C2} = {19132832-0017-C3EC-E2BC-92D307E64759}
		{A0584A04-A5DA-4DF5-8DD6-5A003A9860B2} = {AE2239DD-76F7-F114-298F-EF0D91ABC766}
		{4F7D5481-FC74-4F96-95F2-74DB77BC996A} = {AE2239DD-76F7-F114-298F-EF0D91ABC766}
		{F92F8C28-AAB7-43BF-9074-FAA9FFED4137} = {AE2239DD-76F7-F114-298F-EF0D91ABC766}
		{E2034C3B-C6CE-42A2-85D3-3E3C1478867F} = {AE2239DD-76F7-F114-298F-EF0D91ABC766}
		{40D031B4-C0D5-47D0-A4FA-1E90D278A1E1} = {AE2239DD-76F7-F114-298F-EF0D91ABC766}
		{841C8D93-C1E2-4122-A433-CF0669CF6DD1} = {AE2239DD-76F7-F114-298F-EF0D91ABC766}
		{B339D396-B83B-4EAA-9514-4E0A9F07A23B} = {AE2239DD-76F7-F114-298F-EF0D91ABC766}
	EndGlobalSection
EndGlobal
