
Microsoft Visual Studio Solution File, Format Version 12.00
# Visual Studio Version 17
VisualStudioVersion = 17.0.31903.59
MinimumVisualStudioVersion = 10.0.40219.1
Project("{2150E333-8FDC-42A3-9474-1A3956D46DE8}") = "Shared", "Shared", "{4F52FD11-658E-A102-6CD3-7D7C16FFA15B}"
EndProject
Project("{FAE04EC0-301F-11D3-BF4B-00C04F79EFBC}") = "Bingo.Shared", "Shared\Bingo.Shared.csproj", "{4380B661-C852-4742-BA26-AF7A911CF630}"
EndProject
Project("{2150E333-8FDC-42A3-9474-1A3956D46DE8}") = "Client", "Client", "{2CB42F12-E813-91B3-7D11-3220E40BEF4A}"
EndProject
Project("{FAE04EC0-301F-11D3-BF4B-00C04F79EFBC}") = "Bingo.Client", "Client\Bingo.Client.csproj", "{2FEDE035-764D-4AF9-93F7-085E111A6F04}"
EndProject
Project("{2150E333-8FDC-42A3-9474-1A3956D46DE8}") = "Server", "Server", "{DAD03CFC-D5FA-AC94-41C7-9ABAB326F09E}"
EndProject
Project("{2150E333-8FDC-42A3-9474-1A3956D46DE8}") = "Api", "Api", "{B4E97FE4-7BC1-90E0-28D6-031C0A19B8B2}"
EndProject
Project("{FAE04EC0-301F-11D3-BF4B-00C04F79EFBC}") = "Bingo.Server.Api", "Server\Api\Bingo.Server.Api.csproj", "{667E8E4A-3E69-4AD0-A415-2B9E205EB677}"
EndProject
Project("{2150E333-8FDC-42A3-9474-1A3956D46DE8}") = "Matchmaking", "Matchmaking", "{71C02698-C3D4-4E44-A3C1-E30DE437CC32}"
EndProject
Project("{FAE04EC0-301F-11D3-BF4B-00C04F79EFBC}") = "Bingo.Server.Matchmaking", "Server\Matchmaking\Bingo.Server.Matchmaking.csproj", "{B5F143D7-67AB-4EA4-BD69-2A9F06597C3D}"
EndProject
Project("{2150E333-8FDC-42A3-9474-1A3956D46DE8}") = "Play", "Play", "{E19CE5D1-1858-09AE-EA44-9AF5E5F56AD1}"
EndProject
Project("{FAE04EC0-301F-11D3-BF4B-00C04F79EFBC}") = "Bingo.Server.Play", "Server\Play\Bingo.Server.Play.csproj", "{330B6F19-178A-41E3-A80C-696D3E5AB8C7}"
EndProject
Project("{2150E333-8FDC-42A3-9474-1A3956D46DE8}") = "Session", "Session", "{BD282061-67D2-8356-7067-4AA3203C7908}"
EndProject
Project("{FAE04EC0-301F-11D3-BF4B-00C04F79EFBC}") = "Bingo.Server.Session", "Server\Session\Bingo.Server.Session.csproj", "{0784A8D7-35C8-49F0-AE11-B54D615DC799}"
EndProject
Project("{FAE04EC0-301F-11D3-BF4B-00C04F79EFBC}") = "Bingo", "Bingo.csproj", "{9C76B46D-6552-4895-A54B-50F567448E7D}"
EndProject
Global
	GlobalSection(SolutionConfigurationPlatforms) = preSolution
		Debug|Any CPU = Debug|Any CPU
		Debug|x64 = Debug|x64
		Debug|x86 = Debug|x86
		Release|Any CPU = Release|Any CPU
		Release|x64 = Release|x64
		Release|x86 = Release|x86
	EndGlobalSection
	GlobalSection(ProjectConfigurationPlatforms) = postSolution
		{4380B661-C852-4742-BA26-AF7A911CF630}.Debug|Any CPU.ActiveCfg = Debug|Any CPU
		{4380B661-C852-4742-BA26-AF7A911CF630}.Debug|Any CPU.Build.0 = Debug|Any CPU
		{4380B661-C852-4742-BA26-AF7A911CF630}.Debug|x64.ActiveCfg = Debug|Any CPU
		{4380B661-C852-4742-BA26-AF7A911CF630}.Debug|x64.Build.0 = Debug|Any CPU
		{4380B661-C852-4742-BA26-AF7A911CF630}.Debug|x86.ActiveCfg = Debug|Any CPU
		{4380B661-C852-4742-BA26-AF7A911CF630}.Debug|x86.Build.0 = Debug|Any CPU
		{4380B661-C852-4742-BA26-AF7A911CF630}.Release|Any CPU.ActiveCfg = Release|Any CPU
		{4380B661-C852-4742-BA26-AF7A911CF630}.Release|Any CPU.Build.0 = Release|Any CPU
		{4380B661-C852-4742-BA26-AF7A911CF630}.Release|x64.ActiveCfg = Release|Any CPU
		{4380B661-C852-4742-BA26-AF7A911CF630}.Release|x64.Build.0 = Release|Any CPU
		{4380B661-C852-4742-BA26-AF7A911CF630}.Release|x86.ActiveCfg = Release|Any CPU
		{4380B661-C852-4742-BA26-AF7A911CF630}.Release|x86.Build.0 = Release|Any CPU
		{2FEDE035-764D-4AF9-93F7-085E111A6F04}.Debug|Any CPU.ActiveCfg = Debug|Any CPU
		{2FEDE035-764D-4AF9-93F7-085E111A6F04}.Debug|Any CPU.Build.0 = Debug|Any CPU
		{2FEDE035-764D-4AF9-93F7-085E111A6F04}.Debug|x64.ActiveCfg = Debug|Any CPU
		{2FEDE035-764D-4AF9-93F7-085E111A6F04}.Debug|x64.Build.0 = Debug|Any CPU
		{2FEDE035-764D-4AF9-93F7-085E111A6F04}.Debug|x86.ActiveCfg = Debug|Any CPU
		{2FEDE035-764D-4AF9-93F7-085E111A6F04}.Debug|x86.Build.0 = Debug|Any CPU
		{2FEDE035-764D-4AF9-93F7-085E111A6F04}.Release|Any CPU.ActiveCfg = Release|Any CPU
		{2FEDE035-764D-4AF9-93F7-085E111A6F04}.Release|Any CPU.Build.0 = Release|Any CPU
		{2FEDE035-764D-4AF9-93F7-085E111A6F04}.Release|x64.ActiveCfg = Release|Any CPU
		{2FEDE035-764D-4AF9-93F7-085E111A6F04}.Release|x64.Build.0 = Release|Any CPU
		{2FEDE035-764D-4AF9-93F7-085E111A6F04}.Release|x86.ActiveCfg = Release|Any CPU
		{2FEDE035-764D-4AF9-93F7-085E111A6F04}.Release|x86.Build.0 = Release|Any CPU
		{667E8E4A-3E69-4AD0-A415-2B9E205EB677}.Debug|Any CPU.ActiveCfg = Debug|Any CPU
		{667E8E4A-3E69-4AD0-A415-2B9E205EB677}.Debug|Any CPU.Build.0 = Debug|Any CPU
		{667E8E4A-3E69-4AD0-A415-2B9E205EB677}.Debug|x64.ActiveCfg = Debug|Any CPU
		{667E8E4A-3E69-4AD0-A415-2B9E205EB677}.Debug|x64.Build.0 = Debug|Any CPU
		{667E8E4A-3E69-4AD0-A415-2B9E205EB677}.Debug|x86.ActiveCfg = Debug|Any CPU
		{667E8E4A-3E69-4AD0-A415-2B9E205EB677}.Debug|x86.Build.0 = Debug|Any CPU
		{667E8E4A-3E69-4AD0-A415-2B9E205EB677}.Release|Any CPU.ActiveCfg = Release|Any CPU
		{667E8E4A-3E69-4AD0-A415-2B9E205EB677}.Release|Any CPU.Build.0 = Release|Any CPU
		{667E8E4A-3E69-4AD0-A415-2B9E205EB677}.Release|x64.ActiveCfg = Release|Any CPU
		{667E8E4A-3E69-4AD0-A415-2B9E205EB677}.Release|x64.Build.0 = Release|Any CPU
		{667E8E4A-3E69-4AD0-A415-2B9E205EB677}.Release|x86.ActiveCfg = Release|Any CPU
		{667E8E4A-3E69-4AD0-A415-2B9E205EB677}.Release|x86.Build.0 = Release|Any CPU
		{B5F143D7-67AB-4EA4-BD69-2A9F06597C3D}.Debug|Any CPU.ActiveCfg = Debug|Any CPU
		{B5F143D7-67AB-4EA4-BD69-2A9F06597C3D}.Debug|Any CPU.Build.0 = Debug|Any CPU
		{B5F143D7-67AB-4EA4-BD69-2A9F06597C3D}.Debug|x64.ActiveCfg = Debug|Any CPU
		{B5F143D7-67AB-4EA4-BD69-2A9F06597C3D}.Debug|x64.Build.0 = Debug|Any CPU
		{B5F143D7-67AB-4EA4-BD69-2A9F06597C3D}.Debug|x86.ActiveCfg = Debug|Any CPU
		{B5F143D7-67AB-4EA4-BD69-2A9F06597C3D}.Debug|x86.Build.0 = Debug|Any CPU
		{B5F143D7-67AB-4EA4-BD69-2A9F06597C3D}.Release|Any CPU.ActiveCfg = Release|Any CPU
		{B5F143D7-67AB-4EA4-BD69-2A9F06597C3D}.Release|Any CPU.Build.0 = Release|Any CPU
		{B5F143D7-67AB-4EA4-BD69-2A9F06597C3D}.Release|x64.ActiveCfg = Release|Any CPU
		{B5F143D7-67AB-4EA4-BD69-2A9F06597C3D}.Release|x64.Build.0 = Release|Any CPU
		{B5F143D7-67AB-4EA4-BD69-2A9F06597C3D}.Release|x86.ActiveCfg = Release|Any CPU
		{B5F143D7-67AB-4EA4-BD69-2A9F06597C3D}.Release|x86.Build.0 = Release|Any CPU
		{330B6F19-178A-41E3-A80C-696D3E5AB8C7}.Debug|Any CPU.ActiveCfg = Debug|Any CPU
		{330B6F19-178A-41E3-A80C-696D3E5AB8C7}.Debug|Any CPU.Build.0 = Debug|Any CPU
		{330B6F19-178A-41E3-A80C-696D3E5AB8C7}.Debug|x64.ActiveCfg = Debug|Any CPU
		{330B6F19-178A-41E3-A80C-696D3E5AB8C7}.Debug|x64.Build.0 = Debug|Any CPU
		{330B6F19-178A-41E3-A80C-696D3E5AB8C7}.Debug|x86.ActiveCfg = Debug|Any CPU
		{330B6F19-178A-41E3-A80C-696D3E5AB8C7}.Debug|x86.Build.0 = Debug|Any CPU
		{330B6F19-178A-41E3-A80C-696D3E5AB8C7}.Release|Any CPU.ActiveCfg = Release|Any CPU
		{330B6F19-178A-41E3-A80C-696D3E5AB8C7}.Release|Any CPU.Build.0 = Release|Any CPU
		{330B6F19-178A-41E3-A80C-696D3E5AB8C7}.Release|x64.ActiveCfg = Release|Any CPU
		{330B6F19-178A-41E3-A80C-696D3E5AB8C7}.Release|x64.Build.0 = Release|Any CPU
		{330B6F19-178A-41E3-A80C-696D3E5AB8C7}.Release|x86.ActiveCfg = Release|Any CPU
		{330B6F19-178A-41E3-A80C-696D3E5AB8C7}.Release|x86.Build.0 = Release|Any CPU
		{0784A8D7-35C8-49F0-AE11-B54D615DC799}.Debug|Any CPU.ActiveCfg = Debug|Any CPU
		{0784A8D7-35C8-49F0-AE11-B54D615DC799}.Debug|Any CPU.Build.0 = Debug|Any CPU
		{0784A8D7-35C8-49F0-AE11-B54D615DC799}.Debug|x64.ActiveCfg = Debug|Any CPU
		{0784A8D7-35C8-49F0-AE11-B54D615DC799}.Debug|x64.Build.0 = Debug|Any CPU
		{0784A8D7-35C8-49F0-AE11-B54D615DC799}.Debug|x86.ActiveCfg = Debug|Any CPU
		{0784A8D7-35C8-49F0-AE11-B54D615DC799}.Debug|x86.Build.0 = Debug|Any CPU
		{0784A8D7-35C8-49F0-AE11-B54D615DC799}.Release|Any CPU.ActiveCfg = Release|Any CPU
		{0784A8D7-35C8-49F0-AE11-B54D615DC799}.Release|Any CPU.Build.0 = Release|Any CPU
		{0784A8D7-35C8-49F0-AE11-B54D615DC799}.Release|x64.ActiveCfg = Release|Any CPU
		{0784A8D7-35C8-49F0-AE11-B54D615DC799}.Release|x64.Build.0 = Release|Any CPU
		{0784A8D7-35C8-49F0-AE11-B54D615DC799}.Release|x86.ActiveCfg = Release|Any CPU
		{0784A8D7-35C8-49F0-AE11-B54D615DC799}.Release|x86.Build.0 = Release|Any CPU
		{9C76B46D-6552-4895-A54B-50F567448E7D}.Debug|Any CPU.ActiveCfg = Debug|Any CPU
		{9C76B46D-6552-4895-A54B-50F567448E7D}.Debug|Any CPU.Build.0 = Debug|Any CPU
		{9C76B46D-6552-4895-A54B-50F567448E7D}.Debug|x64.ActiveCfg = Debug|Any CPU
		{9C76B46D-6552-4895-A54B-50F567448E7D}.Debug|x64.Build.0 = Debug|Any CPU
		{9C76B46D-6552-4895-A54B-50F567448E7D}.Debug|x86.ActiveCfg = Debug|Any CPU
		{9C76B46D-6552-4895-A54B-50F567448E7D}.Debug|x86.Build.0 = Debug|Any CPU
		{9C76B46D-6552-4895-A54B-50F567448E7D}.Release|Any CPU.ActiveCfg = Release|Any CPU
		{9C76B46D-6552-4895-A54B-50F567448E7D}.Release|Any CPU.Build.0 = Release|Any CPU
		{9C76B46D-6552-4895-A54B-50F567448E7D}.Release|x64.ActiveCfg = Release|Any CPU
		{9C76B46D-6552-4895-A54B-50F567448E7D}.Release|x64.Build.0 = Release|Any CPU
		{9C76B46D-6552-4895-A54B-50F567448E7D}.Release|x86.ActiveCfg = Release|Any CPU
		{9C76B46D-6552-4895-A54B-50F567448E7D}.Release|x86.Build.0 = Release|Any CPU
	EndGlobalSection
	GlobalSection(SolutionProperties) = preSolution
		HideSolutionNode = FALSE
	EndGlobalSection
	GlobalSection(NestedProjects) = preSolution
		{4380B661-C852-4742-BA26-AF7A911CF630} = {4F52FD11-658E-A102-6CD3-7D7C16FFA15B}
		{2FEDE035-764D-4AF9-93F7-085E111A6F04} = {2CB42F12-E813-91B3-7D11-3220E40BEF4A}
		{B4E97FE4-7BC1-90E0-28D6-031C0A19B8B2} = {DAD03CFC-D5FA-AC94-41C7-9ABAB326F09E}
		{667E8E4A-3E69-4AD0-A415-2B9E205EB677} = {B4E97FE4-7BC1-90E0-28D6-031C0A19B8B2}
		{71C02698-C3D4-4E44-A3C1-E30DE437CC32} = {DAD03CFC-D5FA-AC94-41C7-9ABAB326F09E}
		{B5F143D7-67AB-4EA4-BD69-2A9F06597C3D} = {71C02698-C3D4-4E44-A3C1-E30DE437CC32}
		{E19CE5D1-1858-09AE-EA44-9AF5E5F56AD1} = {DAD03CFC-D5FA-AC94-41C7-9ABAB326F09E}
		{330B6F19-178A-41E3-A80C-696D3E5AB8C7} = {E19CE5D1-1858-09AE-EA44-9AF5E5F56AD1}
		{BD282061-67D2-8356-7067-4AA3203C7908} = {DAD03CFC-D5FA-AC94-41C7-9ABAB326F09E}
		{0784A8D7-35C8-49F0-AE11-B54D615DC799} = {BD282061-67D2-8356-7067-4AA3203C7908}
	EndGlobalSection
EndGlobal
