
Microsoft Visual Studio Solution File, Format Version 12.00
# Visual Studio Version 17
VisualStudioVersion = 17.0.31903.59
MinimumVisualStudioVersion = 10.0.40219.1
Project("{FAE04EC0-301F-11D3-BF4B-00C04F79EFBC}") = "Server", "Server\Server.csproj", "{94EB6890-3C8C-4D8F-A7F0-2FCF6CC5AF1D}"
EndProject
Project("{FAE04EC0-301F-11D3-BF4B-00C04F79EFBC}") = "Client", "Client\Client.csproj", "{58E5847E-9EE8-41BA-8AC7-5C5EABD0FD9F}"
EndProject
Project("{FAE04EC0-301F-11D3-BF4B-00C04F79EFBC}") = "Shared", "Shared\Shared.csproj", "{18F3C378-46F3-4BEE-937B-CD30F084CA22}"
EndProject
Global
	GlobalSection(SolutionConfigurationPlatforms) = preSolution
		Debug|Any CPU = Debug|Any CPU
		Release|Any CPU = Release|Any CPU
	EndGlobalSection
	GlobalSection(SolutionProperties) = preSolution
		HideSolutionNode = FALSE
	EndGlobalSection
	GlobalSection(ProjectConfigurationPlatforms) = postSolution
		{94EB6890-3C8C-4D8F-A7F0-2FCF6CC5AF1D}.Debug|Any CPU.ActiveCfg = Debug|Any CPU
		{94EB6890-3C8C-4D8F-A7F0-2FCF6CC5AF1D}.Debug|Any CPU.Build.0 = Debug|Any CPU
		{94EB6890-3C8C-4D8F-A7F0-2FCF6CC5AF1D}.Release|Any CPU.ActiveCfg = Release|Any CPU
		{94EB6890-3C8C-4D8F-A7F0-2FCF6CC5AF1D}.Release|Any CPU.Build.0 = Release|Any CPU
		{58E5847E-9EE8-41BA-8AC7-5C5EABD0FD9F}.Debug|Any CPU.ActiveCfg = Debug|Any CPU
		{58E5847E-9EE8-41BA-8AC7-5C5EABD0FD9F}.Debug|Any CPU.Build.0 = Debug|Any CPU
		{58E5847E-9EE8-41BA-8AC7-5C5EABD0FD9F}.Release|Any CPU.ActiveCfg = Release|Any CPU
		{58E5847E-9EE8-41BA-8AC7-5C5EABD0FD9F}.Release|Any CPU.Build.0 = Release|Any CPU
		{18F3C378-46F3-4BEE-937B-CD30F084CA22}.Debug|Any CPU.ActiveCfg = Debug|Any CPU
		{18F3C378-46F3-4BEE-937B-CD30F084CA22}.Debug|Any CPU.Build.0 = Debug|Any CPU
		{18F3C378-46F3-4BEE-937B-CD30F084CA22}.Release|Any CPU.ActiveCfg = Release|Any CPU
		{18F3C378-46F3-4BEE-937B-CD30F084CA22}.Release|Any CPU.Build.0 = Release|Any CPU
	EndGlobalSection
EndGlobal
